// !$*UTF8*$!
{
	archiveVersion = 1;
	classes = {
	};
	objectVersion = 48;
	objects = {

/* Begin PBXBuildFile section */
		29E5DDA17FCBF8B1634E1C2A /* Pods_Challenger.framework in Frameworks */ = {isa = PBXBuildFile; fileRef = 314CBC288D1157F65E85B08C /* Pods_Challenger.framework */; };
		754874991FBA3E4700EE2613 /* SingUpViewController.swift in Sources */ = {isa = PBXBuildFile; fileRef = 754874981FBA3E4700EE2613 /* SingUpViewController.swift */; };
		7548749B1FBB4DB300EE2613 /* Assets.xcassets in Resources */ = {isa = PBXBuildFile; fileRef = 7548749A1FBB4DB300EE2613 /* Assets.xcassets */; };
		75B02A7B1FBB7AE8008DB651 /* GoogleService-Info.plist in Resources */ = {isa = PBXBuildFile; fileRef = 75B02A7A1FBB6255008DB651 /* GoogleService-Info.plist */; };
		75B7B4DD1FB9F4B70088B7EF /* ViewController.swift in Sources */ = {isa = PBXBuildFile; fileRef = 75B7B4DC1FB9F4B70088B7EF /* ViewController.swift */; };
		75B7B4E01FB9F4B70088B7EF /* Cadastro.storyboard in Resources */ = {isa = PBXBuildFile; fileRef = 75B7B4DE1FB9F4B70088B7EF /* Cadastro.storyboard */; };
		75B7B4E81FB9F4B70088B7EF /* LaunchScreen.storyboard in Resources */ = {isa = PBXBuildFile; fileRef = 75B7B4E61FB9F4B70088B7EF /* LaunchScreen.storyboard */; };
		A40204F91FC360790029B022 /* SearchGroups.storyboard in Resources */ = {isa = PBXBuildFile; fileRef = A40204F51FC360790029B022 /* SearchGroups.storyboard */; };
		A40204FA1FC360790029B022 /* TabBar.storyboard in Resources */ = {isa = PBXBuildFile; fileRef = A40204F61FC360790029B022 /* TabBar.storyboard */; };
		A40204FB1FC360790029B022 /* UserInfo.storyboard in Resources */ = {isa = PBXBuildFile; fileRef = A40204F71FC360790029B022 /* UserInfo.storyboard */; };
		A40204FC1FC360790029B022 /* MyGroups.storyboard in Resources */ = {isa = PBXBuildFile; fileRef = A40204F81FC360790029B022 /* MyGroups.storyboard */; };
		A40204FF1FC3607F0029B022 /* CellGroups.swift in Sources */ = {isa = PBXBuildFile; fileRef = A40204FE1FC3607F0029B022 /* CellGroups.swift */; };
		A40205021FC360930029B022 /* AddGroup.swift in Sources */ = {isa = PBXBuildFile; fileRef = A40205001FC360930029B022 /* AddGroup.swift */; };
		A40205031FC360930029B022 /* TableViewGroups.swift in Sources */ = {isa = PBXBuildFile; fileRef = A40205011FC360930029B022 /* TableViewGroups.swift */; };
		A40205101FC360A60029B022 /* AppDelegate.swift in Sources */ = {isa = PBXBuildFile; fileRef = A402050E1FC360A60029B022 /* AppDelegate.swift */; };
		A40205111FC360A60029B022 /* SaveDelegate.swift in Sources */ = {isa = PBXBuildFile; fileRef = A402050F1FC360A60029B022 /* SaveDelegate.swift */; };
		A40205171FC363E30029B022 /* camera1600.png in Resources */ = {isa = PBXBuildFile; fileRef = A40205131FC363E20029B022 /* camera1600.png */; };
		A40205181FC363E30029B022 /* images-2.png in Resources */ = {isa = PBXBuildFile; fileRef = A40205141FC363E20029B022 /* images-2.png */; };
		A40205191FC363E30029B022 /* images.png in Resources */ = {isa = PBXBuildFile; fileRef = A40205151FC363E20029B022 /* images.png */; };
		A402051A1FC363E30029B022 /* slr_camera_application_slr_3037.png in Resources */ = {isa = PBXBuildFile; fileRef = A40205161FC363E20029B022 /* slr_camera_application_slr_3037.png */; };
		A43645221FC36F08007BC6C3 /* UserInfoDelegate.swift in Sources */ = {isa = PBXBuildFile; fileRef = A43645211FC36F08007BC6C3 /* UserInfoDelegate.swift */; };
		A43645271FC4BC4B007BC6C3 /* MyAccountController.swift in Sources */ = {isa = PBXBuildFile; fileRef = A43645261FC4BC4B007BC6C3 /* MyAccountController.swift */; };
		A43645291FC6082B007BC6C3 /* RedirectViewController.swift in Sources */ = {isa = PBXBuildFile; fileRef = A43645281FC6082B007BC6C3 /* RedirectViewController.swift */; };
		A47A18361FC748DC00F0B085 /* Groups.swift in Sources */ = {isa = PBXBuildFile; fileRef = A47A18351FC748DC00F0B085 /* Groups.swift */; };
		A47A18381FC7491500F0B085 /* User.swift in Sources */ = {isa = PBXBuildFile; fileRef = A47A18371FC7491500F0B085 /* User.swift */; };
/* End PBXBuildFile section */

/* Begin PBXFileReference section */
		314CBC288D1157F65E85B08C /* Pods_Challenger.framework */ = {isa = PBXFileReference; explicitFileType = wrapper.framework; includeInIndex = 0; path = Pods_Challenger.framework; sourceTree = BUILT_PRODUCTS_DIR; };
		50D75D6DA781FF239D486480 /* Pods-Challenger.debug.xcconfig */ = {isa = PBXFileReference; includeInIndex = 1; lastKnownFileType = text.xcconfig; name = "Pods-Challenger.debug.xcconfig"; path = "Pods/Target Support Files/Pods-Challenger/Pods-Challenger.debug.xcconfig"; sourceTree = "<group>"; };
		754874981FBA3E4700EE2613 /* SingUpViewController.swift */ = {isa = PBXFileReference; lastKnownFileType = sourcecode.swift; path = SingUpViewController.swift; sourceTree = "<group>"; };
		7548749A1FBB4DB300EE2613 /* Assets.xcassets */ = {isa = PBXFileReference; lastKnownFileType = folder.assetcatalog; path = Assets.xcassets; sourceTree = "<group>"; };
		75B02A7A1FBB6255008DB651 /* GoogleService-Info.plist */ = {isa = PBXFileReference; lastKnownFileType = text.plist.xml; path = "GoogleService-Info.plist"; sourceTree = "<group>"; };
		75B7B4D71FB9F4B70088B7EF /* Challenger.app */ = {isa = PBXFileReference; explicitFileType = wrapper.application; includeInIndex = 0; path = Challenger.app; sourceTree = BUILT_PRODUCTS_DIR; };
		75B7B4DC1FB9F4B70088B7EF /* ViewController.swift */ = {isa = PBXFileReference; lastKnownFileType = sourcecode.swift; path = ViewController.swift; sourceTree = "<group>"; };
		75B7B4DF1FB9F4B70088B7EF /* Base */ = {isa = PBXFileReference; lastKnownFileType = file.storyboard; name = Base; path = Base.lproj/Cadastro.storyboard; sourceTree = "<group>"; };
		75B7B4E71FB9F4B70088B7EF /* Base */ = {isa = PBXFileReference; lastKnownFileType = file.storyboard; name = Base; path = Base.lproj/LaunchScreen.storyboard; sourceTree = "<group>"; };
		75B7B4E91FB9F4B70088B7EF /* Info.plist */ = {isa = PBXFileReference; lastKnownFileType = text.plist.xml; path = Info.plist; sourceTree = "<group>"; };
		A40204F51FC360790029B022 /* SearchGroups.storyboard */ = {isa = PBXFileReference; fileEncoding = 4; lastKnownFileType = file.storyboard; path = SearchGroups.storyboard; sourceTree = "<group>"; };
		A40204F61FC360790029B022 /* TabBar.storyboard */ = {isa = PBXFileReference; fileEncoding = 4; lastKnownFileType = file.storyboard; path = TabBar.storyboard; sourceTree = "<group>"; };
		A40204F71FC360790029B022 /* UserInfo.storyboard */ = {isa = PBXFileReference; fileEncoding = 4; lastKnownFileType = file.storyboard; path = UserInfo.storyboard; sourceTree = "<group>"; };
		A40204F81FC360790029B022 /* MyGroups.storyboard */ = {isa = PBXFileReference; fileEncoding = 4; lastKnownFileType = file.storyboard; path = MyGroups.storyboard; sourceTree = "<group>"; };
		A40204FE1FC3607F0029B022 /* CellGroups.swift */ = {isa = PBXFileReference; fileEncoding = 4; lastKnownFileType = sourcecode.swift; path = CellGroups.swift; sourceTree = "<group>"; };
		A40205001FC360930029B022 /* AddGroup.swift */ = {isa = PBXFileReference; fileEncoding = 4; lastKnownFileType = sourcecode.swift; name = AddGroup.swift; path = ../../../eoq/AddGroup.swift; sourceTree = "<group>"; };
		A40205011FC360930029B022 /* TableViewGroups.swift */ = {isa = PBXFileReference; fileEncoding = 4; lastKnownFileType = sourcecode.swift; name = TableViewGroups.swift; path = ../../../eoq/TableViewGroups.swift; sourceTree = "<group>"; };
		A402050E1FC360A60029B022 /* AppDelegate.swift */ = {isa = PBXFileReference; fileEncoding = 4; lastKnownFileType = sourcecode.swift; path = AppDelegate.swift; sourceTree = "<group>"; };
		A402050F1FC360A60029B022 /* SaveDelegate.swift */ = {isa = PBXFileReference; fileEncoding = 4; lastKnownFileType = sourcecode.swift; path = SaveDelegate.swift; sourceTree = "<group>"; };
		A40205131FC363E20029B022 /* camera1600.png */ = {isa = PBXFileReference; lastKnownFileType = image.png; path = camera1600.png; sourceTree = "<group>"; };
		A40205141FC363E20029B022 /* images-2.png */ = {isa = PBXFileReference; lastKnownFileType = image.png; path = "images-2.png"; sourceTree = "<group>"; };
		A40205151FC363E20029B022 /* images.png */ = {isa = PBXFileReference; lastKnownFileType = image.png; path = images.png; sourceTree = "<group>"; };
		A40205161FC363E20029B022 /* slr_camera_application_slr_3037.png */ = {isa = PBXFileReference; lastKnownFileType = image.png; path = slr_camera_application_slr_3037.png; sourceTree = "<group>"; };
		A43645211FC36F08007BC6C3 /* UserInfoDelegate.swift */ = {isa = PBXFileReference; lastKnownFileType = sourcecode.swift; path = UserInfoDelegate.swift; sourceTree = "<group>"; };
		A43645261FC4BC4B007BC6C3 /* MyAccountController.swift */ = {isa = PBXFileReference; lastKnownFileType = sourcecode.swift; path = MyAccountController.swift; sourceTree = "<group>"; };
		A43645281FC6082B007BC6C3 /* RedirectViewController.swift */ = {isa = PBXFileReference; lastKnownFileType = sourcecode.swift; path = RedirectViewController.swift; sourceTree = "<group>"; };
		A47A18351FC748DC00F0B085 /* Groups.swift */ = {isa = PBXFileReference; lastKnownFileType = sourcecode.swift; path = Groups.swift; sourceTree = "<group>"; };
		A47A18371FC7491500F0B085 /* User.swift */ = {isa = PBXFileReference; lastKnownFileType = sourcecode.swift; path = User.swift; sourceTree = "<group>"; };
		F1354917724723FB0CE9EB1A /* Pods-Challenger.release.xcconfig */ = {isa = PBXFileReference; includeInIndex = 1; lastKnownFileType = text.xcconfig; name = "Pods-Challenger.release.xcconfig"; path = "Pods/Target Support Files/Pods-Challenger/Pods-Challenger.release.xcconfig"; sourceTree = "<group>"; };
/* End PBXFileReference section */

/* Begin PBXFrameworksBuildPhase section */
		75B7B4D41FB9F4B70088B7EF /* Frameworks */ = {
			isa = PBXFrameworksBuildPhase;
			buildActionMask = 2147483647;
			files = (
				29E5DDA17FCBF8B1634E1C2A /* Pods_Challenger.framework in Frameworks */,
			);
			runOnlyForDeploymentPostprocessing = 0;
		};
/* End PBXFrameworksBuildPhase section */

/* Begin PBXGroup section */
		16F13EA5ABE6C310ADC36CBB /* Frameworks */ = {
			isa = PBXGroup;
			children = (
				314CBC288D1157F65E85B08C /* Pods_Challenger.framework */,
			);
			name = Frameworks;
			sourceTree = "<group>";
		};
		26BD2B42096D30286195E5DE /* Pods */ = {
			isa = PBXGroup;
			children = (
				50D75D6DA781FF239D486480 /* Pods-Challenger.debug.xcconfig */,
				F1354917724723FB0CE9EB1A /* Pods-Challenger.release.xcconfig */,
			);
			name = Pods;
			sourceTree = "<group>";
		};
		754874971FBA3DFF00EE2613 /* Controllers */ = {
			isa = PBXGroup;
			children = (
				75B7B4DC1FB9F4B70088B7EF /* ViewController.swift */,
				A40205001FC360930029B022 /* AddGroup.swift */,
				A40205011FC360930029B022 /* TableViewGroups.swift */,
				754874981FBA3E4700EE2613 /* SingUpViewController.swift */,
				A43645261FC4BC4B007BC6C3 /* MyAccountController.swift */,
				A43645281FC6082B007BC6C3 /* RedirectViewController.swift */,
			);
			path = Controllers;
			sourceTree = "<group>";
		};
		75B7B4CE1FB9F4B70088B7EF = {
			isa = PBXGroup;
			children = (
				75B7B4D91FB9F4B70088B7EF /* Challenger */,
				75B7B4D81FB9F4B70088B7EF /* Products */,
				26BD2B42096D30286195E5DE /* Pods */,
				16F13EA5ABE6C310ADC36CBB /* Frameworks */,
			);
			sourceTree = "<group>";
		};
		75B7B4D81FB9F4B70088B7EF /* Products */ = {
			isa = PBXGroup;
			children = (
				75B7B4D71FB9F4B70088B7EF /* Challenger.app */,
			);
			name = Products;
			sourceTree = "<group>";
		};
		75B7B4D91FB9F4B70088B7EF /* Challenger */ = {
			isa = PBXGroup;
			children = (
				A47A18341FC748BE00F0B085 /* Objects */,
				A40205121FC363E20029B022 /* Imagens */,
				A402050D1FC360A60029B022 /* Delegates */,
				A40204FD1FC3607F0029B022 /* TableViewCells */,
				75B7B4EF1FBA219E0088B7EF /* StoryBoards */,
				754874971FBA3DFF00EE2613 /* Controllers */,
				75B7B4E61FB9F4B70088B7EF /* LaunchScreen.storyboard */,
				75B7B4E91FB9F4B70088B7EF /* Info.plist */,
				75B02A7A1FBB6255008DB651 /* GoogleService-Info.plist */,
				7548749A1FBB4DB300EE2613 /* Assets.xcassets */,
			);
			path = Challenger;
			sourceTree = "<group>";
		};
		75B7B4EF1FBA219E0088B7EF /* StoryBoards */ = {
			isa = PBXGroup;
			children = (
				A40204F81FC360790029B022 /* MyGroups.storyboard */,
				A40204F51FC360790029B022 /* SearchGroups.storyboard */,
				A40204F61FC360790029B022 /* TabBar.storyboard */,
				A40204F71FC360790029B022 /* UserInfo.storyboard */,
				75B7B4DE1FB9F4B70088B7EF /* Cadastro.storyboard */,
			);
			path = StoryBoards;
			sourceTree = "<group>";
		};
		A40204FD1FC3607F0029B022 /* TableViewCells */ = {
			isa = PBXGroup;
			children = (
				A40204FE1FC3607F0029B022 /* CellGroups.swift */,
			);
			name = TableViewCells;
			path = ../../eoq/TableViewCells;
			sourceTree = "<group>";
		};
		A402050D1FC360A60029B022 /* Delegates */ = {
			isa = PBXGroup;
			children = (
				A402050E1FC360A60029B022 /* AppDelegate.swift */,
				A402050F1FC360A60029B022 /* SaveDelegate.swift */,
				A43645211FC36F08007BC6C3 /* UserInfoDelegate.swift */,
			);
			name = Delegates;
			path = ../../eoq/Delegates;
			sourceTree = "<group>";
		};
		A40205121FC363E20029B022 /* Imagens */ = {
			isa = PBXGroup;
			children = (
				A40205131FC363E20029B022 /* camera1600.png */,
				A40205141FC363E20029B022 /* images-2.png */,
				A40205151FC363E20029B022 /* images.png */,
				A40205161FC363E20029B022 /* slr_camera_application_slr_3037.png */,
			);
			name = Imagens;
			path = ../../eoq/Imagens;
			sourceTree = "<group>";
		};
		A47A18341FC748BE00F0B085 /* Objects */ = {
			isa = PBXGroup;
			children = (
				A47A18351FC748DC00F0B085 /* Groups.swift */,
				A47A18371FC7491500F0B085 /* User.swift */,
			);
			path = Objects;
			sourceTree = "<group>";
		};
/* End PBXGroup section */

/* Begin PBXNativeTarget section */
		75B7B4D61FB9F4B70088B7EF /* Challenger */ = {
			isa = PBXNativeTarget;
			buildConfigurationList = 75B7B4EC1FB9F4B70088B7EF /* Build configuration list for PBXNativeTarget "Challenger" */;
			buildPhases = (
				FDA10BE9E185CB0ECCF352A7 /* [CP] Check Pods Manifest.lock */,
				75B7B4D31FB9F4B70088B7EF /* Sources */,
				75B7B4D41FB9F4B70088B7EF /* Frameworks */,
				75B7B4D51FB9F4B70088B7EF /* Resources */,
				66D37B22F8070C0EA440C004 /* [CP] Embed Pods Frameworks */,
				2F9B93C3E02B7F46942C5363 /* [CP] Copy Pods Resources */,
			);
			buildRules = (
			);
			dependencies = (
			);
			name = Challenger;
			productName = Challenger;
			productReference = 75B7B4D71FB9F4B70088B7EF /* Challenger.app */;
			productType = "com.apple.product-type.application";
		};
/* End PBXNativeTarget section */

/* Begin PBXProject section */
		75B7B4CF1FB9F4B70088B7EF /* Project object */ = {
			isa = PBXProject;
			attributes = {
				LastSwiftUpdateCheck = 0900;
				LastUpgradeCheck = 0900;
				ORGANIZATIONNAME = "Vinicius Mangueira Correia";
				TargetAttributes = {
					75B7B4D61FB9F4B70088B7EF = {
						CreatedOnToolsVersion = 9.0;
						ProvisioningStyle = Automatic;
					};
				};
			};
			buildConfigurationList = 75B7B4D21FB9F4B70088B7EF /* Build configuration list for PBXProject "Challenger" */;
			compatibilityVersion = "Xcode 8.0";
			developmentRegion = en;
			hasScannedForEncodings = 0;
			knownRegions = (
				en,
				Base,
			);
			mainGroup = 75B7B4CE1FB9F4B70088B7EF;
			productRefGroup = 75B7B4D81FB9F4B70088B7EF /* Products */;
			projectDirPath = "";
			projectRoot = "";
			targets = (
				75B7B4D61FB9F4B70088B7EF /* Challenger */,
			);
		};
/* End PBXProject section */

/* Begin PBXResourcesBuildPhase section */
		75B7B4D51FB9F4B70088B7EF /* Resources */ = {
			isa = PBXResourcesBuildPhase;
			buildActionMask = 2147483647;
			files = (
				A40204FC1FC360790029B022 /* MyGroups.storyboard in Resources */,
				A40205171FC363E30029B022 /* camera1600.png in Resources */,
				75B7B4E81FB9F4B70088B7EF /* LaunchScreen.storyboard in Resources */,
				75B02A7B1FBB7AE8008DB651 /* GoogleService-Info.plist in Resources */,
				75B7B4E01FB9F4B70088B7EF /* Cadastro.storyboard in Resources */,
				A40205191FC363E30029B022 /* images.png in Resources */,
				A40204FB1FC360790029B022 /* UserInfo.storyboard in Resources */,
				A40204F91FC360790029B022 /* SearchGroups.storyboard in Resources */,
				A40204FA1FC360790029B022 /* TabBar.storyboard in Resources */,
				A40205181FC363E30029B022 /* images-2.png in Resources */,
				A402051A1FC363E30029B022 /* slr_camera_application_slr_3037.png in Resources */,
				7548749B1FBB4DB300EE2613 /* Assets.xcassets in Resources */,
			);
			runOnlyForDeploymentPostprocessing = 0;
		};
/* End PBXResourcesBuildPhase section */

/* Begin PBXShellScriptBuildPhase section */
		2F9B93C3E02B7F46942C5363 /* [CP] Copy Pods Resources */ = {
			isa = PBXShellScriptBuildPhase;
			buildActionMask = 2147483647;
			files = (
			);
			inputPaths = (
				"${SRCROOT}/Pods/Target Support Files/Pods-Challenger/Pods-Challenger-resources.sh",
				"${PODS_ROOT}/GoogleSignIn/Resources/GoogleSignIn.bundle",
			);
			name = "[CP] Copy Pods Resources";
			outputPaths = (
				"${TARGET_BUILD_DIR}/${UNLOCALIZED_RESOURCES_FOLDER_PATH}",
			);
			runOnlyForDeploymentPostprocessing = 0;
			shellPath = /bin/sh;
			shellScript = "\"${SRCROOT}/Pods/Target Support Files/Pods-Challenger/Pods-Challenger-resources.sh\"\n";
			showEnvVarsInLog = 0;
		};
		66D37B22F8070C0EA440C004 /* [CP] Embed Pods Frameworks */ = {
			isa = PBXShellScriptBuildPhase;
			buildActionMask = 2147483647;
			files = (
			);
			inputPaths = (
				"${SRCROOT}/Pods/Target Support Files/Pods-Challenger/Pods-Challenger-frameworks.sh",
				"${BUILT_PRODUCTS_DIR}/GTMOAuth2/GTMOAuth2.framework",
				"${BUILT_PRODUCTS_DIR}/GTMSessionFetcher/GTMSessionFetcher.framework",
				"${BUILT_PRODUCTS_DIR}/GoogleToolboxForMac/GoogleToolboxForMac.framework",
				"${BUILT_PRODUCTS_DIR}/JTAppleCalendar/JTAppleCalendar.framework",
				"${BUILT_PRODUCTS_DIR}/leveldb-library/leveldb.framework",
				"${BUILT_PRODUCTS_DIR}/nanopb/nanopb.framework",
			);
			name = "[CP] Embed Pods Frameworks";
			outputPaths = (
				"${TARGET_BUILD_DIR}/${FRAMEWORKS_FOLDER_PATH}/GTMOAuth2.framework",
				"${TARGET_BUILD_DIR}/${FRAMEWORKS_FOLDER_PATH}/GTMSessionFetcher.framework",
				"${TARGET_BUILD_DIR}/${FRAMEWORKS_FOLDER_PATH}/GoogleToolboxForMac.framework",
				"${TARGET_BUILD_DIR}/${FRAMEWORKS_FOLDER_PATH}/JTAppleCalendar.framework",
				"${TARGET_BUILD_DIR}/${FRAMEWORKS_FOLDER_PATH}/leveldb.framework",
				"${TARGET_BUILD_DIR}/${FRAMEWORKS_FOLDER_PATH}/nanopb.framework",
			);
			runOnlyForDeploymentPostprocessing = 0;
			shellPath = /bin/sh;
			shellScript = "\"${SRCROOT}/Pods/Target Support Files/Pods-Challenger/Pods-Challenger-frameworks.sh\"\n";
			showEnvVarsInLog = 0;
		};
		FDA10BE9E185CB0ECCF352A7 /* [CP] Check Pods Manifest.lock */ = {
			isa = PBXShellScriptBuildPhase;
			buildActionMask = 2147483647;
			files = (
			);
			inputPaths = (
				"${PODS_PODFILE_DIR_PATH}/Podfile.lock",
				"${PODS_ROOT}/Manifest.lock",
			);
			name = "[CP] Check Pods Manifest.lock";
			outputPaths = (
				"$(DERIVED_FILE_DIR)/Pods-Challenger-checkManifestLockResult.txt",
			);
			runOnlyForDeploymentPostprocessing = 0;
			shellPath = /bin/sh;
			shellScript = "diff \"${PODS_PODFILE_DIR_PATH}/Podfile.lock\" \"${PODS_ROOT}/Manifest.lock\" > /dev/null\nif [ $? != 0 ] ; then\n    # print error to STDERR\n    echo \"error: The sandbox is not in sync with the Podfile.lock. Run 'pod install' or update your CocoaPods installation.\" >&2\n    exit 1\nfi\n# This output is used by Xcode 'outputs' to avoid re-running this script phase.\necho \"SUCCESS\" > \"${SCRIPT_OUTPUT_FILE_0}\"\n";
			showEnvVarsInLog = 0;
		};
/* End PBXShellScriptBuildPhase section */

/* Begin PBXSourcesBuildPhase section */
		75B7B4D31FB9F4B70088B7EF /* Sources */ = {
			isa = PBXSourcesBuildPhase;
			buildActionMask = 2147483647;
			files = (
				75B7B4DD1FB9F4B70088B7EF /* ViewController.swift in Sources */,
				A43645271FC4BC4B007BC6C3 /* MyAccountController.swift in Sources */,
				A40205021FC360930029B022 /* AddGroup.swift in Sources */,
				A40204FF1FC3607F0029B022 /* CellGroups.swift in Sources */,
				A40205101FC360A60029B022 /* AppDelegate.swift in Sources */,
				A43645291FC6082B007BC6C3 /* RedirectViewController.swift in Sources */,
				A40205031FC360930029B022 /* TableViewGroups.swift in Sources */,
				A40205111FC360A60029B022 /* SaveDelegate.swift in Sources */,
				A47A18381FC7491500F0B085 /* User.swift in Sources */,
				754874991FBA3E4700EE2613 /* SingUpViewController.swift in Sources */,
				A43645221FC36F08007BC6C3 /* UserInfoDelegate.swift in Sources */,
				A47A18361FC748DC00F0B085 /* Groups.swift in Sources */,
			);
			runOnlyForDeploymentPostprocessing = 0;
		};
/* End PBXSourcesBuildPhase section */

/* Begin PBXVariantGroup section */
		75B7B4DE1FB9F4B70088B7EF /* Cadastro.storyboard */ = {
			isa = PBXVariantGroup;
			children = (
				75B7B4DF1FB9F4B70088B7EF /* Base */,
			);
			name = Cadastro.storyboard;
			sourceTree = "<group>";
		};
		75B7B4E61FB9F4B70088B7EF /* LaunchScreen.storyboard */ = {
			isa = PBXVariantGroup;
			children = (
				75B7B4E71FB9F4B70088B7EF /* Base */,
			);
			name = LaunchScreen.storyboard;
			sourceTree = "<group>";
		};
/* End PBXVariantGroup section */

/* Begin XCBuildConfiguration section */
		75B7B4EA1FB9F4B70088B7EF /* Debug */ = {
			isa = XCBuildConfiguration;
			buildSettings = {
				ALWAYS_SEARCH_USER_PATHS = NO;
				CLANG_ANALYZER_NONNULL = YES;
				CLANG_ANALYZER_NUMBER_OBJECT_CONVERSION = YES_AGGRESSIVE;
				CLANG_CXX_LANGUAGE_STANDARD = "gnu++14";
				CLANG_CXX_LIBRARY = "libc++";
				CLANG_ENABLE_MODULES = YES;
				CLANG_ENABLE_OBJC_ARC = YES;
				CLANG_WARN_BLOCK_CAPTURE_AUTORELEASING = YES;
				CLANG_WARN_BOOL_CONVERSION = YES;
				CLANG_WARN_COMMA = YES;
				CLANG_WARN_CONSTANT_CONVERSION = YES;
				CLANG_WARN_DIRECT_OBJC_ISA_USAGE = YES_ERROR;
				CLANG_WARN_DOCUMENTATION_COMMENTS = YES;
				CLANG_WARN_EMPTY_BODY = YES;
				CLANG_WARN_ENUM_CONVERSION = YES;
				CLANG_WARN_INFINITE_RECURSION = YES;
				CLANG_WARN_INT_CONVERSION = YES;
				CLANG_WARN_NON_LITERAL_NULL_CONVERSION = YES;
				CLANG_WARN_OBJC_LITERAL_CONVERSION = YES;
				CLANG_WARN_OBJC_ROOT_CLASS = YES_ERROR;
				CLANG_WARN_RANGE_LOOP_ANALYSIS = YES;
				CLANG_WARN_STRICT_PROTOTYPES = YES;
				CLANG_WARN_SUSPICIOUS_MOVE = YES;
				CLANG_WARN_UNGUARDED_AVAILABILITY = YES_AGGRESSIVE;
				CLANG_WARN_UNREACHABLE_CODE = YES;
				CLANG_WARN__DUPLICATE_METHOD_MATCH = YES;
				CODE_SIGN_IDENTITY = "iPhone Developer";
				COPY_PHASE_STRIP = NO;
				DEBUG_INFORMATION_FORMAT = dwarf;
				ENABLE_STRICT_OBJC_MSGSEND = YES;
				ENABLE_TESTABILITY = YES;
				GCC_C_LANGUAGE_STANDARD = gnu11;
				GCC_DYNAMIC_NO_PIC = NO;
				GCC_NO_COMMON_BLOCKS = YES;
				GCC_OPTIMIZATION_LEVEL = 0;
				GCC_PREPROCESSOR_DEFINITIONS = (
					"DEBUG=1",
					"$(inherited)",
				);
				GCC_WARN_64_TO_32_BIT_CONVERSION = YES;
				GCC_WARN_ABOUT_RETURN_TYPE = YES_ERROR;
				GCC_WARN_UNDECLARED_SELECTOR = YES;
				GCC_WARN_UNINITIALIZED_AUTOS = YES_AGGRESSIVE;
				GCC_WARN_UNUSED_FUNCTION = YES;
				GCC_WARN_UNUSED_VARIABLE = YES;
				IPHONEOS_DEPLOYMENT_TARGET = 11.0;
				MTL_ENABLE_DEBUG_INFO = YES;
				ONLY_ACTIVE_ARCH = YES;
				SDKROOT = iphoneos;
				SWIFT_ACTIVE_COMPILATION_CONDITIONS = DEBUG;
				SWIFT_OPTIMIZATION_LEVEL = "-Onone";
			};
			name = Debug;
		};
		75B7B4EB1FB9F4B70088B7EF /* Release */ = {
			isa = XCBuildConfiguration;
			buildSettings = {
				ALWAYS_SEARCH_USER_PATHS = NO;
				CLANG_ANALYZER_NONNULL = YES;
				CLANG_ANALYZER_NUMBER_OBJECT_CONVERSION = YES_AGGRESSIVE;
				CLANG_CXX_LANGUAGE_STANDARD = "gnu++14";
				CLANG_CXX_LIBRARY = "libc++";
				CLANG_ENABLE_MODULES = YES;
				CLANG_ENABLE_OBJC_ARC = YES;
				CLANG_WARN_BLOCK_CAPTURE_AUTORELEASING = YES;
				CLANG_WARN_BOOL_CONVERSION = YES;
				CLANG_WARN_COMMA = YES;
				CLANG_WARN_CONSTANT_CONVERSION = YES;
				CLANG_WARN_DIRECT_OBJC_ISA_USAGE = YES_ERROR;
				CLANG_WARN_DOCUMENTATION_COMMENTS = YES;
				CLANG_WARN_EMPTY_BODY = YES;
				CLANG_WARN_ENUM_CONVERSION = YES;
				CLANG_WARN_INFINITE_RECURSION = YES;
				CLANG_WARN_INT_CONVERSION = YES;
				CLANG_WARN_NON_LITERAL_NULL_CONVERSION = YES;
				CLANG_WARN_OBJC_LITERAL_CONVERSION = YES;
				CLANG_WARN_OBJC_ROOT_CLASS = YES_ERROR;
				CLANG_WARN_RANGE_LOOP_ANALYSIS = YES;
				CLANG_WARN_STRICT_PROTOTYPES = YES;
				CLANG_WARN_SUSPICIOUS_MOVE = YES;
				CLANG_WARN_UNGUARDED_AVAILABILITY = YES_AGGRESSIVE;
				CLANG_WARN_UNREACHABLE_CODE = YES;
				CLANG_WARN__DUPLICATE_METHOD_MATCH = YES;
				CODE_SIGN_IDENTITY = "iPhone Developer";
				COPY_PHASE_STRIP = NO;
				DEBUG_INFORMATION_FORMAT = "dwarf-with-dsym";
				ENABLE_NS_ASSERTIONS = NO;
				ENABLE_STRICT_OBJC_MSGSEND = YES;
				GCC_C_LANGUAGE_STANDARD = gnu11;
				GCC_NO_COMMON_BLOCKS = YES;
				GCC_WARN_64_TO_32_BIT_CONVERSION = YES;
				GCC_WARN_ABOUT_RETURN_TYPE = YES_ERROR;
				GCC_WARN_UNDECLARED_SELECTOR = YES;
				GCC_WARN_UNINITIALIZED_AUTOS = YES_AGGRESSIVE;
				GCC_WARN_UNUSED_FUNCTION = YES;
				GCC_WARN_UNUSED_VARIABLE = YES;
				IPHONEOS_DEPLOYMENT_TARGET = 11.0;
				MTL_ENABLE_DEBUG_INFO = NO;
				SDKROOT = iphoneos;
				SWIFT_OPTIMIZATION_LEVEL = "-Owholemodule";
				VALIDATE_PRODUCT = YES;
			};
			name = Release;
		};
		75B7B4ED1FB9F4B70088B7EF /* Debug */ = {
			isa = XCBuildConfiguration;
			baseConfigurationReference = 50D75D6DA781FF239D486480 /* Pods-Challenger.debug.xcconfig */;
			buildSettings = {
				ASSETCATALOG_COMPILER_APPICON_NAME = AppIcon;
				CODE_SIGN_STYLE = Automatic;
				DEVELOPMENT_TEAM = J762AZ7K8V;
				INFOPLIST_FILE = Challenger/Info.plist;
				LD_RUNPATH_SEARCH_PATHS = "$(inherited) @executable_path/Frameworks";
				PRODUCT_BUNDLE_IDENTIFIER = br.bepid.challenge;
				PRODUCT_NAME = "$(TARGET_NAME)";
				SWIFT_VERSION = 4.0;
				TARGETED_DEVICE_FAMILY = "1,2";
			};
			name = Debug;
		};
		75B7B4EE1FB9F4B70088B7EF /* Release */ = {
			isa = XCBuildConfiguration;
			baseConfigurationReference = F1354917724723FB0CE9EB1A /* Pods-Challenger.release.xcconfig */;
			buildSettings = {
				ASSETCATALOG_COMPILER_APPICON_NAME = AppIcon;
				CODE_SIGN_STYLE = Automatic;
				DEVELOPMENT_TEAM = J762AZ7K8V;
				INFOPLIST_FILE = Challenger/Info.plist;
				LD_RUNPATH_SEARCH_PATHS = "$(inherited) @executable_path/Frameworks";
				PRODUCT_BUNDLE_IDENTIFIER = br.bepid.challenge;
				PRODUCT_NAME = "$(TARGET_NAME)";
				SWIFT_VERSION = 4.0;
				TARGETED_DEVICE_FAMILY = "1,2";
			};
			name = Release;
		};
/* End XCBuildConfiguration section */

/* Begin XCConfigurationList section */
		75B7B4D21FB9F4B70088B7EF /* Build configuration list for PBXProject "Challenger" */ = {
			isa = XCConfigurationList;
			buildConfigurations = (
				75B7B4EA1FB9F4B70088B7EF /* Debug */,
				75B7B4EB1FB9F4B70088B7EF /* Release */,
			);
			defaultConfigurationIsVisible = 0;
			defaultConfigurationName = Release;
		};
		75B7B4EC1FB9F4B70088B7EF /* Build configuration list for PBXNativeTarget "Challenger" */ = {
			isa = XCConfigurationList;
			buildConfigurations = (
				75B7B4ED1FB9F4B70088B7EF /* Debug */,
				75B7B4EE1FB9F4B70088B7EF /* Release */,
			);
			defaultConfigurationIsVisible = 0;
			defaultConfigurationName = Release;
		};
/* End XCConfigurationList section */
	};
	rootObject = 75B7B4CF1FB9F4B70088B7EF /* Project object */;
}
