// !$*UTF8*$!
{
	archiveVersion = 1;
	classes = {
	};
	objectVersion = 48;
	objects = {

/* Begin PBXBuildFile section */
		75232CC31FD1AAFB003433E6 /* CalendarMemberController.swift in Sources */ = {isa = PBXBuildFile; fileRef = 75232CC21FD1AAFB003433E6 /* CalendarMemberController.swift */; };
		7548749B1FBB4DB300EE2613 /* Assets.xcassets in Resources */ = {isa = PBXBuildFile; fileRef = 7548749A1FBB4DB300EE2613 /* Assets.xcassets */; };
		75B02A7B1FBB7AE8008DB651 /* GoogleService-Info.plist in Resources */ = {isa = PBXBuildFile; fileRef = 75B02A7A1FBB6255008DB651 /* GoogleService-Info.plist */; };
		75B7B4DD1FB9F4B70088B7EF /* ViewController.swift in Sources */ = {isa = PBXBuildFile; fileRef = 75B7B4DC1FB9F4B70088B7EF /* ViewController.swift */; };
		75B7B4E81FB9F4B70088B7EF /* LaunchScreen.storyboard in Resources */ = {isa = PBXBuildFile; fileRef = 75B7B4E61FB9F4B70088B7EF /* LaunchScreen.storyboard */; };
		A0B83FFA1F0F42A95A6B4844 /* Pods_Challenger.framework in Frameworks */ = {isa = PBXBuildFile; fileRef = 5C23F01DEAF4E8EF3841BB46 /* Pods_Challenger.framework */; };
		A40204F91FC360790029B022 /* SearchGroups.storyboard in Resources */ = {isa = PBXBuildFile; fileRef = A40204F51FC360790029B022 /* SearchGroups.storyboard */; };
		A40204FA1FC360790029B022 /* TabBar.storyboard in Resources */ = {isa = PBXBuildFile; fileRef = A40204F61FC360790029B022 /* TabBar.storyboard */; };
		A40204FB1FC360790029B022 /* UserInfo.storyboard in Resources */ = {isa = PBXBuildFile; fileRef = A40204F71FC360790029B022 /* UserInfo.storyboard */; };
		A40204FC1FC360790029B022 /* MyGroups.storyboard in Resources */ = {isa = PBXBuildFile; fileRef = A40204F81FC360790029B022 /* MyGroups.storyboard */; };
		A40204FF1FC3607F0029B022 /* CellGroups.swift in Sources */ = {isa = PBXBuildFile; fileRef = A40204FE1FC3607F0029B022 /* CellGroups.swift */; };
		A40205021FC360930029B022 /* AddGroup.swift in Sources */ = {isa = PBXBuildFile; fileRef = A40205001FC360930029B022 /* AddGroup.swift */; };
		A40205031FC360930029B022 /* TableViewGroups.swift in Sources */ = {isa = PBXBuildFile; fileRef = A40205011FC360930029B022 /* TableViewGroups.swift */; };
		A40205101FC360A60029B022 /* AppDelegate.swift in Sources */ = {isa = PBXBuildFile; fileRef = A402050E1FC360A60029B022 /* AppDelegate.swift */; };
		A40205111FC360A60029B022 /* SaveDelegate.swift in Sources */ = {isa = PBXBuildFile; fileRef = A402050F1FC360A60029B022 /* SaveDelegate.swift */; };
		A40205171FC363E30029B022 /* camera1600.png in Resources */ = {isa = PBXBuildFile; fileRef = A40205131FC363E20029B022 /* camera1600.png */; };
		A40205181FC363E30029B022 /* images-2.png in Resources */ = {isa = PBXBuildFile; fileRef = A40205141FC363E20029B022 /* images-2.png */; };
		A40205191FC363E30029B022 /* images.png in Resources */ = {isa = PBXBuildFile; fileRef = A40205151FC363E20029B022 /* images.png */; };
		A402051A1FC363E30029B022 /* slr_camera_application_slr_3037.png in Resources */ = {isa = PBXBuildFile; fileRef = A40205161FC363E20029B022 /* slr_camera_application_slr_3037.png */; };
		A43645271FC4BC4B007BC6C3 /* MyAccountController.swift in Sources */ = {isa = PBXBuildFile; fileRef = A43645261FC4BC4B007BC6C3 /* MyAccountController.swift */; };
		A43645291FC6082B007BC6C3 /* RedirectViewController.swift in Sources */ = {isa = PBXBuildFile; fileRef = A43645281FC6082B007BC6C3 /* RedirectViewController.swift */; };
		A4578FC01FD06EB300E4DB8C /* Archive.swift in Sources */ = {isa = PBXBuildFile; fileRef = A4578FB91FD06E2B00E4DB8C /* Archive.swift */; };
		A4578FC11FD06EB300E4DB8C /* Group.swift in Sources */ = {isa = PBXBuildFile; fileRef = A4578FBB1FD06E2B00E4DB8C /* Group.swift */; };
		A4578FC21FD06EB300E4DB8C /* Groups.swift in Sources */ = {isa = PBXBuildFile; fileRef = A4578FB81FD06E2B00E4DB8C /* Groups.swift */; };
		A4578FC31FD06EB300E4DB8C /* User.swift in Sources */ = {isa = PBXBuildFile; fileRef = A4578FBA1FD06E2B00E4DB8C /* User.swift */; };
		A4578FC61FD0703700E4DB8C /* Cadastro.storyboard in Resources */ = {isa = PBXBuildFile; fileRef = A4578FC41FD0703700E4DB8C /* Cadastro.storyboard */; };
		A4578FC81FD0775400E4DB8C /* SingUpViewController.swift in Sources */ = {isa = PBXBuildFile; fileRef = A4578FC71FD0775400E4DB8C /* SingUpViewController.swift */; };
		A4ACEF261FD860E60048160A /* 674023-signin_login_enter_entry_sign_log_in-512.png in Resources */ = {isa = PBXBuildFile; fileRef = A4ACEF251FD860E60048160A /* 674023-signin_login_enter_entry_sign_log_in-512.png */; };
		A4ACEF281FD87E180048160A /* RequestsCell.swift in Sources */ = {isa = PBXBuildFile; fileRef = A4ACEF271FD87E180048160A /* RequestsCell.swift */; };
		A4ACEF2A1FD880330048160A /* CellDelegate.swift in Sources */ = {isa = PBXBuildFile; fileRef = A4ACEF291FD880330048160A /* CellDelegate.swift */; };
		A4F3A6781FD0959E007B0425 /* logo_dos_meninos.png in Resources */ = {isa = PBXBuildFile; fileRef = A4F3A6771FD0959E007B0425 /* logo_dos_meninos.png */; };
		A4F3A67C1FD1C857007B0425 /* UserCell.swift in Sources */ = {isa = PBXBuildFile; fileRef = A4F3A67B1FD1C857007B0425 /* UserCell.swift */; };
		DA3CDC2C1FD448340012D598 /* ShowImageController.swift in Sources */ = {isa = PBXBuildFile; fileRef = DA3CDC2B1FD448330012D598 /* ShowImageController.swift */; };
		DA3CDC2E1FD46B2C0012D598 /* UserCellInvites.swift in Sources */ = {isa = PBXBuildFile; fileRef = DA3CDC2D1FD46B2C0012D598 /* UserCellInvites.swift */; };
		DA400E711FD35C5600970469 /* LoginBackground.jpg in Resources */ = {isa = PBXBuildFile; fileRef = DA400E701FD35C5600970469 /* LoginBackground.jpg */; };
		DAC598DB1FD3904A0084182A /* image_160.png in Resources */ = {isa = PBXBuildFile; fileRef = DAC598DA1FD3903C0084182A /* image_160.png */; };
		DB183A531FD8600900577106 /* SearchGroupsViewController 15-12-40-160.swift in Sources */ = {isa = PBXBuildFile; fileRef = DB183A521FD8600900577106 /* SearchGroupsViewController 15-12-40-160.swift */; };
		DB183A551FD8720600577106 /* UserGroupsManager.swift in Sources */ = {isa = PBXBuildFile; fileRef = DB183A541FD8720600577106 /* UserGroupsManager.swift */; };
		DB5AE6951FCC97A1008DC8F7 /* FilesManager.swift in Sources */ = {isa = PBXBuildFile; fileRef = DB5AE6941FCC97A1008DC8F7 /* FilesManager.swift */; };
		DB5B01431FC5E8E700BD5F1A /* Calendar.storyboard in Resources */ = {isa = PBXBuildFile; fileRef = DB5B01421FC5E8E700BD5F1A /* Calendar.storyboard */; };
		DB5B01451FC5EACE00BD5F1A /* CalendarController.swift in Sources */ = {isa = PBXBuildFile; fileRef = DB5B01441FC5EACE00BD5F1A /* CalendarController.swift */; };
		DB5B01481FC5EB1B00BD5F1A /* CustomCell.swift in Sources */ = {isa = PBXBuildFile; fileRef = DB5B01471FC5EB1B00BD5F1A /* CustomCell.swift */; };
		DBBC5DD91FC7286B00124B18 /* CalendarInvitesController.swift in Sources */ = {isa = PBXBuildFile; fileRef = DBBC5DD81FC7286B00124B18 /* CalendarInvitesController.swift */; };
		DBBC5DDB1FC7289B00124B18 /* CalendarRequestsController.swift in Sources */ = {isa = PBXBuildFile; fileRef = DBBC5DDA1FC7289B00124B18 /* CalendarRequestsController.swift */; };
		DBBC5DE01FC73F3D00124B18 /* CalendarSettings.storyboard in Resources */ = {isa = PBXBuildFile; fileRef = DBBC5DDF1FC73F3D00124B18 /* CalendarSettings.storyboard */; };
		DBDEE12C1FCDF71E0078C664 /* FileArchiveCell.swift in Sources */ = {isa = PBXBuildFile; fileRef = DBDEE12B1FCDF71E0078C664 /* FileArchiveCell.swift */; };
		DBE3D68A1FC609A500067652 /* CalendarSettingsController.swift in Sources */ = {isa = PBXBuildFile; fileRef = DBE3D6891FC609A500067652 /* CalendarSettingsController.swift */; };
/* End PBXBuildFile section */

/* Begin PBXFileReference section */
		31BA14EDF9335A661E907FBD /* Pods-Challenger.debug.xcconfig */ = {isa = PBXFileReference; includeInIndex = 1; lastKnownFileType = text.xcconfig; name = "Pods-Challenger.debug.xcconfig"; path = "Pods/Target Support Files/Pods-Challenger/Pods-Challenger.debug.xcconfig"; sourceTree = "<group>"; };
		5C23F01DEAF4E8EF3841BB46 /* Pods_Challenger.framework */ = {isa = PBXFileReference; explicitFileType = wrapper.framework; includeInIndex = 0; path = Pods_Challenger.framework; sourceTree = BUILT_PRODUCTS_DIR; };
		75232CC21FD1AAFB003433E6 /* CalendarMemberController.swift */ = {isa = PBXFileReference; lastKnownFileType = sourcecode.swift; path = CalendarMemberController.swift; sourceTree = "<group>"; };
		7548749A1FBB4DB300EE2613 /* Assets.xcassets */ = {isa = PBXFileReference; lastKnownFileType = folder.assetcatalog; path = Assets.xcassets; sourceTree = "<group>"; };
		75B02A7A1FBB6255008DB651 /* GoogleService-Info.plist */ = {isa = PBXFileReference; lastKnownFileType = text.plist.xml; path = "GoogleService-Info.plist"; sourceTree = "<group>"; };
		75B7B4D71FB9F4B70088B7EF /* Challenger.app */ = {isa = PBXFileReference; explicitFileType = wrapper.application; includeInIndex = 0; path = Challenger.app; sourceTree = BUILT_PRODUCTS_DIR; };
		75B7B4DC1FB9F4B70088B7EF /* ViewController.swift */ = {isa = PBXFileReference; lastKnownFileType = sourcecode.swift; name = ViewController.swift; path = ../ViewController.swift; sourceTree = "<group>"; };
		75B7B4E71FB9F4B70088B7EF /* Base */ = {isa = PBXFileReference; lastKnownFileType = file.storyboard; name = Base; path = Base.lproj/LaunchScreen.storyboard; sourceTree = "<group>"; };
		75B7B4E91FB9F4B70088B7EF /* Info.plist */ = {isa = PBXFileReference; lastKnownFileType = text.plist.xml; path = Info.plist; sourceTree = "<group>"; };
		7DA54C2C8B7686DADFA2C2FE /* Pods-Challenger.release.xcconfig */ = {isa = PBXFileReference; includeInIndex = 1; lastKnownFileType = text.xcconfig; name = "Pods-Challenger.release.xcconfig"; path = "Pods/Target Support Files/Pods-Challenger/Pods-Challenger.release.xcconfig"; sourceTree = "<group>"; };
		A40204F51FC360790029B022 /* SearchGroups.storyboard */ = {isa = PBXFileReference; fileEncoding = 4; lastKnownFileType = file.storyboard; path = SearchGroups.storyboard; sourceTree = "<group>"; };
		A40204F61FC360790029B022 /* TabBar.storyboard */ = {isa = PBXFileReference; fileEncoding = 4; lastKnownFileType = file.storyboard; path = TabBar.storyboard; sourceTree = "<group>"; };
		A40204F71FC360790029B022 /* UserInfo.storyboard */ = {isa = PBXFileReference; fileEncoding = 4; lastKnownFileType = file.storyboard; path = UserInfo.storyboard; sourceTree = "<group>"; };
		A40204F81FC360790029B022 /* MyGroups.storyboard */ = {isa = PBXFileReference; fileEncoding = 4; lastKnownFileType = file.storyboard; path = MyGroups.storyboard; sourceTree = "<group>"; };
		A40204FE1FC3607F0029B022 /* CellGroups.swift */ = {isa = PBXFileReference; fileEncoding = 4; lastKnownFileType = sourcecode.swift; path = CellGroups.swift; sourceTree = "<group>"; };
		A40205001FC360930029B022 /* AddGroup.swift */ = {isa = PBXFileReference; fileEncoding = 4; lastKnownFileType = sourcecode.swift; path = AddGroup.swift; sourceTree = "<group>"; };
		A40205011FC360930029B022 /* TableViewGroups.swift */ = {isa = PBXFileReference; fileEncoding = 4; lastKnownFileType = sourcecode.swift; path = TableViewGroups.swift; sourceTree = "<group>"; };
		A402050E1FC360A60029B022 /* AppDelegate.swift */ = {isa = PBXFileReference; fileEncoding = 4; lastKnownFileType = sourcecode.swift; path = AppDelegate.swift; sourceTree = "<group>"; };
		A402050F1FC360A60029B022 /* SaveDelegate.swift */ = {isa = PBXFileReference; fileEncoding = 4; lastKnownFileType = sourcecode.swift; path = SaveDelegate.swift; sourceTree = "<group>"; };
		A40205131FC363E20029B022 /* camera1600.png */ = {isa = PBXFileReference; lastKnownFileType = image.png; path = camera1600.png; sourceTree = "<group>"; };
		A40205141FC363E20029B022 /* images-2.png */ = {isa = PBXFileReference; lastKnownFileType = image.png; path = "images-2.png"; sourceTree = "<group>"; };
		A40205151FC363E20029B022 /* images.png */ = {isa = PBXFileReference; lastKnownFileType = image.png; path = images.png; sourceTree = "<group>"; };
		A40205161FC363E20029B022 /* slr_camera_application_slr_3037.png */ = {isa = PBXFileReference; lastKnownFileType = image.png; path = slr_camera_application_slr_3037.png; sourceTree = "<group>"; };
		A43645261FC4BC4B007BC6C3 /* MyAccountController.swift */ = {isa = PBXFileReference; lastKnownFileType = sourcecode.swift; path = MyAccountController.swift; sourceTree = "<group>"; };
		A43645281FC6082B007BC6C3 /* RedirectViewController.swift */ = {isa = PBXFileReference; lastKnownFileType = sourcecode.swift; path = RedirectViewController.swift; sourceTree = "<group>"; };
		A4578FA01FCDDAFB00E4DB8C /* Group.swift */ = {isa = PBXFileReference; lastKnownFileType = sourcecode.swift; path = Group.swift; sourceTree = "<group>"; };
		A4578FB81FD06E2B00E4DB8C /* Groups.swift */ = {isa = PBXFileReference; fileEncoding = 4; lastKnownFileType = sourcecode.swift; name = Groups.swift; path = "Challenger/New Group/Groups.swift"; sourceTree = SOURCE_ROOT; };
		A4578FB91FD06E2B00E4DB8C /* Archive.swift */ = {isa = PBXFileReference; fileEncoding = 4; lastKnownFileType = sourcecode.swift; name = Archive.swift; path = "Challenger/New Group/Archive.swift"; sourceTree = SOURCE_ROOT; };
		A4578FBA1FD06E2B00E4DB8C /* User.swift */ = {isa = PBXFileReference; fileEncoding = 4; lastKnownFileType = sourcecode.swift; name = User.swift; path = "Challenger/New Group/User.swift"; sourceTree = SOURCE_ROOT; };
		A4578FBB1FD06E2B00E4DB8C /* Group.swift */ = {isa = PBXFileReference; fileEncoding = 4; lastKnownFileType = sourcecode.swift; name = Group.swift; path = "Challenger/New Group/Group.swift"; sourceTree = SOURCE_ROOT; };
		A4578FC51FD0703700E4DB8C /* Base */ = {isa = PBXFileReference; lastKnownFileType = file.storyboard; name = Base; path = Base.lproj/Cadastro.storyboard; sourceTree = "<group>"; };
		A4578FC71FD0775400E4DB8C /* SingUpViewController.swift */ = {isa = PBXFileReference; fileEncoding = 4; lastKnownFileType = sourcecode.swift; path = SingUpViewController.swift; sourceTree = "<group>"; };
		A47A18371FC7491500F0B085 /* User.swift */ = {isa = PBXFileReference; lastKnownFileType = sourcecode.swift; path = User.swift; sourceTree = "<group>"; };
		A4ACEF251FD860E60048160A /* 674023-signin_login_enter_entry_sign_log_in-512.png */ = {isa = PBXFileReference; lastKnownFileType = image.png; path = "674023-signin_login_enter_entry_sign_log_in-512.png"; sourceTree = "<group>"; };
		A4ACEF271FD87E180048160A /* RequestsCell.swift */ = {isa = PBXFileReference; lastKnownFileType = sourcecode.swift; path = RequestsCell.swift; sourceTree = "<group>"; };
		A4ACEF291FD880330048160A /* CellDelegate.swift */ = {isa = PBXFileReference; lastKnownFileType = sourcecode.swift; path = CellDelegate.swift; sourceTree = "<group>"; };
		A4F3A6771FD0959E007B0425 /* logo_dos_meninos.png */ = {isa = PBXFileReference; lastKnownFileType = image.png; path = logo_dos_meninos.png; sourceTree = "<group>"; };
		A4F3A67B1FD1C857007B0425 /* UserCell.swift */ = {isa = PBXFileReference; lastKnownFileType = sourcecode.swift; path = UserCell.swift; sourceTree = "<group>"; };
		DA3CDC2B1FD448330012D598 /* ShowImageController.swift */ = {isa = PBXFileReference; fileEncoding = 4; lastKnownFileType = sourcecode.swift; path = ShowImageController.swift; sourceTree = "<group>"; };
		DA3CDC2D1FD46B2C0012D598 /* UserCellInvites.swift */ = {isa = PBXFileReference; lastKnownFileType = sourcecode.swift; path = UserCellInvites.swift; sourceTree = "<group>"; };
		DA400E701FD35C5600970469 /* LoginBackground.jpg */ = {isa = PBXFileReference; lastKnownFileType = image.jpeg; path = LoginBackground.jpg; sourceTree = "<group>"; };
		DAC598DA1FD3903C0084182A /* image_160.png */ = {isa = PBXFileReference; lastKnownFileType = image.png; path = image_160.png; sourceTree = "<group>"; };
		DB183A521FD8600900577106 /* SearchGroupsViewController 15-12-40-160.swift */ = {isa = PBXFileReference; fileEncoding = 4; lastKnownFileType = sourcecode.swift; path = "SearchGroupsViewController 15-12-40-160.swift"; sourceTree = "<group>"; };
		DB183A541FD8720600577106 /* UserGroupsManager.swift */ = {isa = PBXFileReference; lastKnownFileType = sourcecode.swift; path = UserGroupsManager.swift; sourceTree = "<group>"; };
		DB5AE6941FCC97A1008DC8F7 /* FilesManager.swift */ = {isa = PBXFileReference; lastKnownFileType = sourcecode.swift; path = FilesManager.swift; sourceTree = "<group>"; };
		DB5B01421FC5E8E700BD5F1A /* Calendar.storyboard */ = {isa = PBXFileReference; lastKnownFileType = file.storyboard; path = Calendar.storyboard; sourceTree = "<group>"; };
		DB5B01441FC5EACE00BD5F1A /* CalendarController.swift */ = {isa = PBXFileReference; lastKnownFileType = sourcecode.swift; path = CalendarController.swift; sourceTree = "<group>"; };
		DB5B01471FC5EB1B00BD5F1A /* CustomCell.swift */ = {isa = PBXFileReference; lastKnownFileType = sourcecode.swift; path = CustomCell.swift; sourceTree = "<group>"; };
		DBB78C461FC74282001D1B81 /* Groups.swift */ = {isa = PBXFileReference; lastKnownFileType = sourcecode.swift; path = Groups.swift; sourceTree = "<group>"; };
		DBBC5DD81FC7286B00124B18 /* CalendarInvitesController.swift */ = {isa = PBXFileReference; lastKnownFileType = sourcecode.swift; path = CalendarInvitesController.swift; sourceTree = "<group>"; };
		DBBC5DDA1FC7289B00124B18 /* CalendarRequestsController.swift */ = {isa = PBXFileReference; lastKnownFileType = sourcecode.swift; path = CalendarRequestsController.swift; sourceTree = "<group>"; };
		DBBC5DDD1FC7359F00124B18 /* Archive.swift */ = {isa = PBXFileReference; lastKnownFileType = sourcecode.swift; path = Archive.swift; sourceTree = "<group>"; };
		DBBC5DDF1FC73F3D00124B18 /* CalendarSettings.storyboard */ = {isa = PBXFileReference; lastKnownFileType = file.storyboard; path = CalendarSettings.storyboard; sourceTree = "<group>"; };
		DBD177CC1FD199580052EFA8 /* ShowImageController.swift */ = {isa = PBXFileReference; lastKnownFileType = sourcecode.swift; path = ShowImageController.swift; sourceTree = "<group>"; };
		DBDEE12B1FCDF71E0078C664 /* FileArchiveCell.swift */ = {isa = PBXFileReference; lastKnownFileType = sourcecode.swift; path = FileArchiveCell.swift; sourceTree = "<group>"; };
		DBE3D6891FC609A500067652 /* CalendarSettingsController.swift */ = {isa = PBXFileReference; lastKnownFileType = sourcecode.swift; path = CalendarSettingsController.swift; sourceTree = "<group>"; };
/* End PBXFileReference section */

/* Begin PBXFrameworksBuildPhase section */
		75B7B4D41FB9F4B70088B7EF /* Frameworks */ = {
			isa = PBXFrameworksBuildPhase;
			buildActionMask = 2147483647;
			files = (
				A0B83FFA1F0F42A95A6B4844 /* Pods_Challenger.framework in Frameworks */,
			);
			runOnlyForDeploymentPostprocessing = 0;
		};
/* End PBXFrameworksBuildPhase section */

/* Begin PBXGroup section */
		29239C532C02BDB38A6D72E4 /* Frameworks */ = {
			isa = PBXGroup;
			children = (
				5C23F01DEAF4E8EF3841BB46 /* Pods_Challenger.framework */,
			);
			name = Frameworks;
			sourceTree = "<group>";
		};
		754874971FBA3DFF00EE2613 /* Controllers */ = {
			isa = PBXGroup;
			children = (
				DA3CDC2B1FD448330012D598 /* ShowImageController.swift */,
				A43645281FC6082B007BC6C3 /* RedirectViewController.swift */,
				A4578FC71FD0775400E4DB8C /* SingUpViewController.swift */,
				DB183A521FD8600900577106 /* SearchGroupsViewController 15-12-40-160.swift */,
				75B7B4DC1FB9F4B70088B7EF /* ViewController.swift */,
				A40205001FC360930029B022 /* AddGroup.swift */,
				A40205011FC360930029B022 /* TableViewGroups.swift */,
				A43645261FC4BC4B007BC6C3 /* MyAccountController.swift */,
				DB5B01441FC5EACE00BD5F1A /* CalendarController.swift */,
				DBE3D6891FC609A500067652 /* CalendarSettingsController.swift */,
				DBBC5DDA1FC7289B00124B18 /* CalendarRequestsController.swift */,
				DBBC5DD81FC7286B00124B18 /* CalendarInvitesController.swift */,
				75232CC21FD1AAFB003433E6 /* CalendarMemberController.swift */,
			);
			path = Controllers;
			sourceTree = "<group>";
		};
		75B7B4CE1FB9F4B70088B7EF = {
			isa = PBXGroup;
			children = (
				75B7B4D91FB9F4B70088B7EF /* Challenger */,
				75B7B4D81FB9F4B70088B7EF /* Products */,
				86E7003E6C80CF6DFAFBCAA1 /* Pods */,
				29239C532C02BDB38A6D72E4 /* Frameworks */,
				A4578FB61FD06D7300E4DB8C /* Recovered References */,
			);
			sourceTree = "<group>";
		};
		75B7B4D81FB9F4B70088B7EF /* Products */ = {
			isa = PBXGroup;
			children = (
				75B7B4D71FB9F4B70088B7EF /* Challenger.app */,
			);
			name = Products;
			sourceTree = "<group>";
		};
		75B7B4D91FB9F4B70088B7EF /* Challenger */ = {
			isa = PBXGroup;
			children = (
				A4578FB71FD06E0900E4DB8C /* Models */,
				A40205121FC363E20029B022 /* Imagens */,
				A402050D1FC360A60029B022 /* Delegates */,
				A40204FD1FC3607F0029B022 /* TableViewCells */,
				75B7B4EF1FBA219E0088B7EF /* StoryBoards */,
				DB5B01461FC5EB0A00BD5F1A /* CellGroup */,
				754874971FBA3DFF00EE2613 /* Controllers */,
				DA400E6F1FD34E4500970469 /* Managers */,
				75B7B4E61FB9F4B70088B7EF /* LaunchScreen.storyboard */,
				75B7B4E91FB9F4B70088B7EF /* Info.plist */,
				75B02A7A1FBB6255008DB651 /* GoogleService-Info.plist */,
				7548749A1FBB4DB300EE2613 /* Assets.xcassets */,
			);
			path = Challenger;
			sourceTree = "<group>";
		};
		75B7B4EF1FBA219E0088B7EF /* StoryBoards */ = {
			isa = PBXGroup;
			children = (
				A4578FC41FD0703700E4DB8C /* Cadastro.storyboard */,
				A40204F81FC360790029B022 /* MyGroups.storyboard */,
				A40204F51FC360790029B022 /* SearchGroups.storyboard */,
				A40204F61FC360790029B022 /* TabBar.storyboard */,
				A40204F71FC360790029B022 /* UserInfo.storyboard */,
				DB5B01421FC5E8E700BD5F1A /* Calendar.storyboard */,
				DBBC5DDF1FC73F3D00124B18 /* CalendarSettings.storyboard */,
			);
			path = StoryBoards;
			sourceTree = "<group>";
		};
		86E7003E6C80CF6DFAFBCAA1 /* Pods */ = {
			isa = PBXGroup;
			children = (
				31BA14EDF9335A661E907FBD /* Pods-Challenger.debug.xcconfig */,
				7DA54C2C8B7686DADFA2C2FE /* Pods-Challenger.release.xcconfig */,
			);
			name = Pods;
			sourceTree = "<group>";
		};
		A40204FD1FC3607F0029B022 /* TableViewCells */ = {
			isa = PBXGroup;
			children = (
				A40204FE1FC3607F0029B022 /* CellGroups.swift */,
				A4F3A67B1FD1C857007B0425 /* UserCell.swift */,
				DA3CDC2D1FD46B2C0012D598 /* UserCellInvites.swift */,
				A4ACEF271FD87E180048160A /* RequestsCell.swift */,
			);
			path = TableViewCells;
			sourceTree = "<group>";
		};
		A402050D1FC360A60029B022 /* Delegates */ = {
			isa = PBXGroup;
			children = (
				A402050E1FC360A60029B022 /* AppDelegate.swift */,
				A402050F1FC360A60029B022 /* SaveDelegate.swift */,
				A4ACEF291FD880330048160A /* CellDelegate.swift */,
			);
			path = Delegates;
			sourceTree = "<group>";
		};
		A40205121FC363E20029B022 /* Imagens */ = {
			isa = PBXGroup;
			children = (
				A4ACEF251FD860E60048160A /* 674023-signin_login_enter_entry_sign_log_in-512.png */,
				DAC598DA1FD3903C0084182A /* image_160.png */,
				DA400E701FD35C5600970469 /* LoginBackground.jpg */,
				A4F3A6771FD0959E007B0425 /* logo_dos_meninos.png */,
				A40205131FC363E20029B022 /* camera1600.png */,
				A40205141FC363E20029B022 /* images-2.png */,
				A40205151FC363E20029B022 /* images.png */,
				A40205161FC363E20029B022 /* slr_camera_application_slr_3037.png */,
			);
			path = Imagens;
			sourceTree = "<group>";
		};
		A4578FB61FD06D7300E4DB8C /* Recovered References */ = {
			isa = PBXGroup;
			children = (
				DBBC5DDD1FC7359F00124B18 /* Archive.swift */,
				DBB78C461FC74282001D1B81 /* Groups.swift */,
				A4578FA01FCDDAFB00E4DB8C /* Group.swift */,
				A47A18371FC7491500F0B085 /* User.swift */,
				DBD177CC1FD199580052EFA8 /* ShowImageController.swift */,
			);
			name = "Recovered References";
			sourceTree = "<group>";
		};
		A4578FB71FD06E0900E4DB8C /* Models */ = {
			isa = PBXGroup;
			children = (
				A4578FB91FD06E2B00E4DB8C /* Archive.swift */,
				A4578FBB1FD06E2B00E4DB8C /* Group.swift */,
				A4578FB81FD06E2B00E4DB8C /* Groups.swift */,
				A4578FBA1FD06E2B00E4DB8C /* User.swift */,
			);
			name = Models;
			path = "New Group";
			sourceTree = "<group>";
		};
		DA400E6F1FD34E4500970469 /* Managers */ = {
			isa = PBXGroup;
			children = (
				DB5AE6941FCC97A1008DC8F7 /* FilesManager.swift */,
				DB183A541FD8720600577106 /* UserGroupsManager.swift */,
			);
			path = Managers;
			sourceTree = "<group>";
		};
		DB5B01461FC5EB0A00BD5F1A /* CellGroup */ = {
			isa = PBXGroup;
			children = (
				DB5B01471FC5EB1B00BD5F1A /* CustomCell.swift */,
				DBDEE12B1FCDF71E0078C664 /* FileArchiveCell.swift */,
			);
			path = CellGroup;
			sourceTree = "<group>";
		};
/* End PBXGroup section */

/* Begin PBXNativeTarget section */
		75B7B4D61FB9F4B70088B7EF /* Challenger */ = {
			isa = PBXNativeTarget;
			buildConfigurationList = 75B7B4EC1FB9F4B70088B7EF /* Build configuration list for PBXNativeTarget "Challenger" */;
			buildPhases = (
				6C4E327E75DB6E25AC7E39B6 /* [CP] Check Pods Manifest.lock */,
				75B7B4D31FB9F4B70088B7EF /* Sources */,
				75B7B4D41FB9F4B70088B7EF /* Frameworks */,
				75B7B4D51FB9F4B70088B7EF /* Resources */,
				87E06F83C5DB93E1E5AE2171 /* [CP] Embed Pods Frameworks */,
				054463CF83CFF8FF5DB35C32 /* [CP] Copy Pods Resources */,
			);
			buildRules = (
			);
			dependencies = (
			);
			name = Challenger;
			productName = Challenger;
			productReference = 75B7B4D71FB9F4B70088B7EF /* Challenger.app */;
			productType = "com.apple.product-type.application";
		};
/* End PBXNativeTarget section */

/* Begin PBXProject section */
		75B7B4CF1FB9F4B70088B7EF /* Project object */ = {
			isa = PBXProject;
			attributes = {
				LastSwiftUpdateCheck = 0900;
				LastUpgradeCheck = 0900;
				ORGANIZATIONNAME = "Vinicius Mangueira Correia";
				TargetAttributes = {
					75B7B4D61FB9F4B70088B7EF = {
						CreatedOnToolsVersion = 9.0;
						ProvisioningStyle = Automatic;
					};
				};
			};
			buildConfigurationList = 75B7B4D21FB9F4B70088B7EF /* Build configuration list for PBXProject "Challenger" */;
			compatibilityVersion = "Xcode 8.0";
			developmentRegion = en;
			hasScannedForEncodings = 0;
			knownRegions = (
				en,
				Base,
			);
			mainGroup = 75B7B4CE1FB9F4B70088B7EF;
			productRefGroup = 75B7B4D81FB9F4B70088B7EF /* Products */;
			projectDirPath = "";
			projectRoot = "";
			targets = (
				75B7B4D61FB9F4B70088B7EF /* Challenger */,
			);
		};
/* End PBXProject section */

/* Begin PBXResourcesBuildPhase section */
		75B7B4D51FB9F4B70088B7EF /* Resources */ = {
			isa = PBXResourcesBuildPhase;
			buildActionMask = 2147483647;
			files = (
				A40204FC1FC360790029B022 /* MyGroups.storyboard in Resources */,
				A40205171FC363E30029B022 /* camera1600.png in Resources */,
				75B7B4E81FB9F4B70088B7EF /* LaunchScreen.storyboard in Resources */,
				DBBC5DE01FC73F3D00124B18 /* CalendarSettings.storyboard in Resources */,
				DB5B01431FC5E8E700BD5F1A /* Calendar.storyboard in Resources */,
				75B02A7B1FBB7AE8008DB651 /* GoogleService-Info.plist in Resources */,
				A40205191FC363E30029B022 /* images.png in Resources */,
				A4ACEF261FD860E60048160A /* 674023-signin_login_enter_entry_sign_log_in-512.png in Resources */,
				DAC598DB1FD3904A0084182A /* image_160.png in Resources */,
				A40204FB1FC360790029B022 /* UserInfo.storyboard in Resources */,
				A40204F91FC360790029B022 /* SearchGroups.storyboard in Resources */,
				A40204FA1FC360790029B022 /* TabBar.storyboard in Resources */,
				A40205181FC363E30029B022 /* images-2.png in Resources */,
				DA400E711FD35C5600970469 /* LoginBackground.jpg in Resources */,
				A402051A1FC363E30029B022 /* slr_camera_application_slr_3037.png in Resources */,
				A4F3A6781FD0959E007B0425 /* logo_dos_meninos.png in Resources */,
				A4578FC61FD0703700E4DB8C /* Cadastro.storyboard in Resources */,
				7548749B1FBB4DB300EE2613 /* Assets.xcassets in Resources */,
			);
			runOnlyForDeploymentPostprocessing = 0;
		};
/* End PBXResourcesBuildPhase section */

/* Begin PBXShellScriptBuildPhase section */
		054463CF83CFF8FF5DB35C32 /* [CP] Copy Pods Resources */ = {
			isa = PBXShellScriptBuildPhase;
			buildActionMask = 2147483647;
			files = (
			);
			inputPaths = (
				"${SRCROOT}/Pods/Target Support Files/Pods-Challenger/Pods-Challenger-resources.sh",
				"${PODS_ROOT}/GoogleSignIn/Resources/GoogleSignIn.bundle",
			);
			name = "[CP] Copy Pods Resources";
			outputPaths = (
				"${TARGET_BUILD_DIR}/${UNLOCALIZED_RESOURCES_FOLDER_PATH}",
			);
			runOnlyForDeploymentPostprocessing = 0;
			shellPath = /bin/sh;
			shellScript = "\"${SRCROOT}/Pods/Target Support Files/Pods-Challenger/Pods-Challenger-resources.sh\"\n";
			showEnvVarsInLog = 0;
		};
		6C4E327E75DB6E25AC7E39B6 /* [CP] Check Pods Manifest.lock */ = {
			isa = PBXShellScriptBuildPhase;
			buildActionMask = 2147483647;
			files = (
			);
			inputPaths = (
				"${PODS_PODFILE_DIR_PATH}/Podfile.lock",
				"${PODS_ROOT}/Manifest.lock",
			);
			name = "[CP] Check Pods Manifest.lock";
			outputPaths = (
				"$(DERIVED_FILE_DIR)/Pods-Challenger-checkManifestLockResult.txt",
			);
			runOnlyForDeploymentPostprocessing = 0;
			shellPath = /bin/sh;
			shellScript = "diff \"${PODS_PODFILE_DIR_PATH}/Podfile.lock\" \"${PODS_ROOT}/Manifest.lock\" > /dev/null\nif [ $? != 0 ] ; then\n    # print error to STDERR\n    echo \"error: The sandbox is not in sync with the Podfile.lock. Run 'pod install' or update your CocoaPods installation.\" >&2\n    exit 1\nfi\n# This output is used by Xcode 'outputs' to avoid re-running this script phase.\necho \"SUCCESS\" > \"${SCRIPT_OUTPUT_FILE_0}\"\n";
			showEnvVarsInLog = 0;
		};
		87E06F83C5DB93E1E5AE2171 /* [CP] Embed Pods Frameworks */ = {
			isa = PBXShellScriptBuildPhase;
			buildActionMask = 2147483647;
			files = (
			);
			inputPaths = (
				"${SRCROOT}/Pods/Target Support Files/Pods-Challenger/Pods-Challenger-frameworks.sh",
				"${BUILT_PRODUCTS_DIR}/GTMOAuth2/GTMOAuth2.framework",
				"${BUILT_PRODUCTS_DIR}/GTMSessionFetcher/GTMSessionFetcher.framework",
				"${BUILT_PRODUCTS_DIR}/GoogleToolboxForMac/GoogleToolboxForMac.framework",
				"${BUILT_PRODUCTS_DIR}/HandyJSON/HandyJSON.framework",
				"${BUILT_PRODUCTS_DIR}/IQKeyboardManagerSwift/IQKeyboardManagerSwift.framework",
				"${BUILT_PRODUCTS_DIR}/JTAppleCalendar/JTAppleCalendar.framework",
				"${BUILT_PRODUCTS_DIR}/SDWebImage/SDWebImage.framework",
				"${BUILT_PRODUCTS_DIR}/leveldb-library/leveldb.framework",
				"${BUILT_PRODUCTS_DIR}/nanopb/nanopb.framework",
			);
			name = "[CP] Embed Pods Frameworks";
			outputPaths = (
				"${TARGET_BUILD_DIR}/${FRAMEWORKS_FOLDER_PATH}/GTMOAuth2.framework",
				"${TARGET_BUILD_DIR}/${FRAMEWORKS_FOLDER_PATH}/GTMSessionFetcher.framework",
				"${TARGET_BUILD_DIR}/${FRAMEWORKS_FOLDER_PATH}/GoogleToolboxForMac.framework",
				"${TARGET_BUILD_DIR}/${FRAMEWORKS_FOLDER_PATH}/HandyJSON.framework",
				"${TARGET_BUILD_DIR}/${FRAMEWORKS_FOLDER_PATH}/IQKeyboardManagerSwift.framework",
				"${TARGET_BUILD_DIR}/${FRAMEWORKS_FOLDER_PATH}/JTAppleCalendar.framework",
				"${TARGET_BUILD_DIR}/${FRAMEWORKS_FOLDER_PATH}/SDWebImage.framework",
				"${TARGET_BUILD_DIR}/${FRAMEWORKS_FOLDER_PATH}/leveldb.framework",
				"${TARGET_BUILD_DIR}/${FRAMEWORKS_FOLDER_PATH}/nanopb.framework",
			);
			runOnlyForDeploymentPostprocessing = 0;
			shellPath = /bin/sh;
			shellScript = "\"${SRCROOT}/Pods/Target Support Files/Pods-Challenger/Pods-Challenger-frameworks.sh\"\n";
			showEnvVarsInLog = 0;
		};
/* End PBXShellScriptBuildPhase section */

/* Begin PBXSourcesBuildPhase section */
		75B7B4D31FB9F4B70088B7EF /* Sources */ = {
			isa = PBXSourcesBuildPhase;
			buildActionMask = 2147483647;
			files = (
				A4578FC01FD06EB300E4DB8C /* Archive.swift in Sources */,
				A4578FC81FD0775400E4DB8C /* SingUpViewController.swift in Sources */,
				A4578FC11FD06EB300E4DB8C /* Group.swift in Sources */,
				DA3CDC2E1FD46B2C0012D598 /* UserCellInvites.swift in Sources */,
				A4578FC21FD06EB300E4DB8C /* Groups.swift in Sources */,
				A4578FC31FD06EB300E4DB8C /* User.swift in Sources */,
				75B7B4DD1FB9F4B70088B7EF /* ViewController.swift in Sources */,
				DBE3D68A1FC609A500067652 /* CalendarSettingsController.swift in Sources */,
				DBBC5DDB1FC7289B00124B18 /* CalendarRequestsController.swift in Sources */,
				DBDEE12C1FCDF71E0078C664 /* FileArchiveCell.swift in Sources */,
				DBBC5DD91FC7286B00124B18 /* CalendarInvitesController.swift in Sources */,
				DA3CDC2C1FD448340012D598 /* ShowImageController.swift in Sources */,
				DB183A531FD8600900577106 /* SearchGroupsViewController 15-12-40-160.swift in Sources */,
				DB5B01451FC5EACE00BD5F1A /* CalendarController.swift in Sources */,
				A4F3A67C1FD1C857007B0425 /* UserCell.swift in Sources */,
				A4ACEF2A1FD880330048160A /* CellDelegate.swift in Sources */,
				DB5AE6951FCC97A1008DC8F7 /* FilesManager.swift in Sources */,
				DB183A551FD8720600577106 /* UserGroupsManager.swift in Sources */,
				A4ACEF281FD87E180048160A /* RequestsCell.swift in Sources */,
				DB5B01481FC5EB1B00BD5F1A /* CustomCell.swift in Sources */,
				75232CC31FD1AAFB003433E6 /* CalendarMemberController.swift in Sources */,
				A43645271FC4BC4B007BC6C3 /* MyAccountController.swift in Sources */,
				A40205021FC360930029B022 /* AddGroup.swift in Sources */,
				A40204FF1FC3607F0029B022 /* CellGroups.swift in Sources */,
				A40205101FC360A60029B022 /* AppDelegate.swift in Sources */,
				A43645291FC6082B007BC6C3 /* RedirectViewController.swift in Sources */,
				A40205031FC360930029B022 /* TableViewGroups.swift in Sources */,
				A40205111FC360A60029B022 /* SaveDelegate.swift in Sources */,
			);
			runOnlyForDeploymentPostprocessing = 0;
		};
/* End PBXSourcesBuildPhase section */

/* Begin PBXVariantGroup section */
		75B7B4E61FB9F4B70088B7EF /* LaunchScreen.storyboard */ = {
			isa = PBXVariantGroup;
			children = (
				75B7B4E71FB9F4B70088B7EF /* Base */,
			);
			name = LaunchScreen.storyboard;
			sourceTree = "<group>";
		};
		A4578FC41FD0703700E4DB8C /* Cadastro.storyboard */ = {
			isa = PBXVariantGroup;
			children = (
				A4578FC51FD0703700E4DB8C /* Base */,
			);
			name = Cadastro.storyboard;
			sourceTree = "<group>";
		};
/* End PBXVariantGroup section */

/* Begin XCBuildConfiguration section */
		75B7B4EA1FB9F4B70088B7EF /* Debug */ = {
			isa = XCBuildConfiguration;
			buildSettings = {
				ALWAYS_SEARCH_USER_PATHS = NO;
				CLANG_ANALYZER_NONNULL = YES;
				CLANG_ANALYZER_NUMBER_OBJECT_CONVERSION = YES_AGGRESSIVE;
				CLANG_CXX_LANGUAGE_STANDARD = "gnu++14";
				CLANG_CXX_LIBRARY = "libc++";
				CLANG_ENABLE_MODULES = YES;
				CLANG_ENABLE_OBJC_ARC = YES;
				CLANG_WARN_BLOCK_CAPTURE_AUTORELEASING = YES;
				CLANG_WARN_BOOL_CONVERSION = YES;
				CLANG_WARN_COMMA = YES;
				CLANG_WARN_CONSTANT_CONVERSION = YES;
				CLANG_WARN_DIRECT_OBJC_ISA_USAGE = YES_ERROR;
				CLANG_WARN_DOCUMENTATION_COMMENTS = YES;
				CLANG_WARN_EMPTY_BODY = YES;
				CLANG_WARN_ENUM_CONVERSION = YES;
				CLANG_WARN_INFINITE_RECURSION = YES;
				CLANG_WARN_INT_CONVERSION = YES;
				CLANG_WARN_NON_LITERAL_NULL_CONVERSION = YES;
				CLANG_WARN_OBJC_LITERAL_CONVERSION = YES;
				CLANG_WARN_OBJC_ROOT_CLASS = YES_ERROR;
				CLANG_WARN_RANGE_LOOP_ANALYSIS = YES;
				CLANG_WARN_STRICT_PROTOTYPES = YES;
				CLANG_WARN_SUSPICIOUS_MOVE = YES;
				CLANG_WARN_UNGUARDED_AVAILABILITY = YES_AGGRESSIVE;
				CLANG_WARN_UNREACHABLE_CODE = YES;
				CLANG_WARN__DUPLICATE_METHOD_MATCH = YES;
				CODE_SIGN_IDENTITY = "iPhone Developer";
				COPY_PHASE_STRIP = NO;
				DEBUG_INFORMATION_FORMAT = dwarf;
				ENABLE_STRICT_OBJC_MSGSEND = YES;
				ENABLE_TESTABILITY = YES;
				GCC_C_LANGUAGE_STANDARD = gnu11;
				GCC_DYNAMIC_NO_PIC = NO;
				GCC_NO_COMMON_BLOCKS = YES;
				GCC_OPTIMIZATION_LEVEL = 0;
				GCC_PREPROCESSOR_DEFINITIONS = (
					"DEBUG=1",
					"$(inherited)",
				);
				GCC_WARN_64_TO_32_BIT_CONVERSION = YES;
				GCC_WARN_ABOUT_RETURN_TYPE = YES_ERROR;
				GCC_WARN_UNDECLARED_SELECTOR = YES;
				GCC_WARN_UNINITIALIZED_AUTOS = YES_AGGRESSIVE;
				GCC_WARN_UNUSED_FUNCTION = YES;
				GCC_WARN_UNUSED_VARIABLE = YES;
				IPHONEOS_DEPLOYMENT_TARGET = 11.0;
				MTL_ENABLE_DEBUG_INFO = YES;
				ONLY_ACTIVE_ARCH = YES;
				SDKROOT = iphoneos;
				SWIFT_ACTIVE_COMPILATION_CONDITIONS = DEBUG;
				SWIFT_OPTIMIZATION_LEVEL = "-Onone";
			};
			name = Debug;
		};
		75B7B4EB1FB9F4B70088B7EF /* Release */ = {
			isa = XCBuildConfiguration;
			buildSettings = {
				ALWAYS_SEARCH_USER_PATHS = NO;
				CLANG_ANALYZER_NONNULL = YES;
				CLANG_ANALYZER_NUMBER_OBJECT_CONVERSION = YES_AGGRESSIVE;
				CLANG_CXX_LANGUAGE_STANDARD = "gnu++14";
				CLANG_CXX_LIBRARY = "libc++";
				CLANG_ENABLE_MODULES = YES;
				CLANG_ENABLE_OBJC_ARC = YES;
				CLANG_WARN_BLOCK_CAPTURE_AUTORELEASING = YES;
				CLANG_WARN_BOOL_CONVERSION = YES;
				CLANG_WARN_COMMA = YES;
				CLANG_WARN_CONSTANT_CONVERSION = YES;
				CLANG_WARN_DIRECT_OBJC_ISA_USAGE = YES_ERROR;
				CLANG_WARN_DOCUMENTATION_COMMENTS = YES;
				CLANG_WARN_EMPTY_BODY = YES;
				CLANG_WARN_ENUM_CONVERSION = YES;
				CLANG_WARN_INFINITE_RECURSION = YES;
				CLANG_WARN_INT_CONVERSION = YES;
				CLANG_WARN_NON_LITERAL_NULL_CONVERSION = YES;
				CLANG_WARN_OBJC_LITERAL_CONVERSION = YES;
				CLANG_WARN_OBJC_ROOT_CLASS = YES_ERROR;
				CLANG_WARN_RANGE_LOOP_ANALYSIS = YES;
				CLANG_WARN_STRICT_PROTOTYPES = YES;
				CLANG_WARN_SUSPICIOUS_MOVE = YES;
				CLANG_WARN_UNGUARDED_AVAILABILITY = YES_AGGRESSIVE;
				CLANG_WARN_UNREACHABLE_CODE = YES;
				CLANG_WARN__DUPLICATE_METHOD_MATCH = YES;
				CODE_SIGN_IDENTITY = "iPhone Developer";
				COPY_PHASE_STRIP = NO;
				DEBUG_INFORMATION_FORMAT = "dwarf-with-dsym";
				ENABLE_NS_ASSERTIONS = NO;
				ENABLE_STRICT_OBJC_MSGSEND = YES;
				GCC_C_LANGUAGE_STANDARD = gnu11;
				GCC_NO_COMMON_BLOCKS = YES;
				GCC_WARN_64_TO_32_BIT_CONVERSION = YES;
				GCC_WARN_ABOUT_RETURN_TYPE = YES_ERROR;
				GCC_WARN_UNDECLARED_SELECTOR = YES;
				GCC_WARN_UNINITIALIZED_AUTOS = YES_AGGRESSIVE;
				GCC_WARN_UNUSED_FUNCTION = YES;
				GCC_WARN_UNUSED_VARIABLE = YES;
				IPHONEOS_DEPLOYMENT_TARGET = 11.0;
				MTL_ENABLE_DEBUG_INFO = NO;
				SDKROOT = iphoneos;
				SWIFT_OPTIMIZATION_LEVEL = "-Owholemodule";
				VALIDATE_PRODUCT = YES;
			};
			name = Release;
		};
		75B7B4ED1FB9F4B70088B7EF /* Debug */ = {
			isa = XCBuildConfiguration;
			baseConfigurationReference = 31BA14EDF9335A661E907FBD /* Pods-Challenger.debug.xcconfig */;
			buildSettings = {
				ASSETCATALOG_COMPILER_APPICON_NAME = AppIcon;
				CODE_SIGN_STYLE = Automatic;
				DEVELOPMENT_TEAM = J762AZ7K8V;
				INFOPLIST_FILE = Challenger/Info.plist;
				LD_RUNPATH_SEARCH_PATHS = "$(inherited) @executable_path/Frameworks";
				PRODUCT_BUNDLE_IDENTIFIER = br.bepid.challenge;
				PRODUCT_NAME = "$(TARGET_NAME)";
				SWIFT_VERSION = 4.0;
				TARGETED_DEVICE_FAMILY = "1,2";
			};
			name = Debug;
		};
		75B7B4EE1FB9F4B70088B7EF /* Release */ = {
			isa = XCBuildConfiguration;
			baseConfigurationReference = 7DA54C2C8B7686DADFA2C2FE /* Pods-Challenger.release.xcconfig */;
			buildSettings = {
				ASSETCATALOG_COMPILER_APPICON_NAME = AppIcon;
				CODE_SIGN_STYLE = Automatic;
				DEVELOPMENT_TEAM = J762AZ7K8V;
				INFOPLIST_FILE = Challenger/Info.plist;
				LD_RUNPATH_SEARCH_PATHS = "$(inherited) @executable_path/Frameworks";
				PRODUCT_BUNDLE_IDENTIFIER = br.bepid.challenge;
				PRODUCT_NAME = "$(TARGET_NAME)";
				SWIFT_VERSION = 4.0;
				TARGETED_DEVICE_FAMILY = "1,2";
			};
			name = Release;
		};
/* End XCBuildConfiguration section */

/* Begin XCConfigurationList section */
		75B7B4D21FB9F4B70088B7EF /* Build configuration list for PBXProject "Challenger" */ = {
			isa = XCConfigurationList;
			buildConfigurations = (
				75B7B4EA1FB9F4B70088B7EF /* Debug */,
				75B7B4EB1FB9F4B70088B7EF /* Release */,
			);
			defaultConfigurationIsVisible = 0;
			defaultConfigurationName = Release;
		};
		75B7B4EC1FB9F4B70088B7EF /* Build configuration list for PBXNativeTarget "Challenger" */ = {
			isa = XCConfigurationList;
			buildConfigurations = (
				75B7B4ED1FB9F4B70088B7EF /* Debug */,
				75B7B4EE1FB9F4B70088B7EF /* Release */,
			);
			defaultConfigurationIsVisible = 0;
			defaultConfigurationName = Release;
		};
/* End XCConfigurationList section */
	};
	rootObject = 75B7B4CF1FB9F4B70088B7EF /* Project object */;
}
