// !$*UTF8*$!
{
	archiveVersion = 1;
	classes = {
	};
	objectVersion = 48;
	objects = {

/* Begin PBXBuildFile section */
		29E5DDA17FCBF8B1634E1C2A /* Pods_Challenger.framework in Frameworks */ = {isa = PBXBuildFile; fileRef = 314CBC288D1157F65E85B08C /* Pods_Challenger.framework */; };
		754874991FBA3E4700EE2613 /* SingUpViewController.swift in Sources */ = {isa = PBXBuildFile; fileRef = 754874981FBA3E4700EE2613 /* SingUpViewController.swift */; };
		7548749B1FBB4DB300EE2613 /* Assets.xcassets in Resources */ = {isa = PBXBuildFile; fileRef = 7548749A1FBB4DB300EE2613 /* Assets.xcassets */; };
		75B02A7B1FBB7AE8008DB651 /* GoogleService-Info.plist in Resources */ = {isa = PBXBuildFile; fileRef = 75B02A7A1FBB6255008DB651 /* GoogleService-Info.plist */; };
		75B7B4DB1FB9F4B70088B7EF /* AppDelegate.swift in Sources */ = {isa = PBXBuildFile; fileRef = 75B7B4DA1FB9F4B70088B7EF /* AppDelegate.swift */; };
		75B7B4DD1FB9F4B70088B7EF /* ViewController.swift in Sources */ = {isa = PBXBuildFile; fileRef = 75B7B4DC1FB9F4B70088B7EF /* ViewController.swift */; };
		75B7B4E01FB9F4B70088B7EF /* Cadastro.storyboard in Resources */ = {isa = PBXBuildFile; fileRef = 75B7B4DE1FB9F4B70088B7EF /* Cadastro.storyboard */; };
		75B7B4E31FB9F4B70088B7EF /* Challenger.xcdatamodeld in Sources */ = {isa = PBXBuildFile; fileRef = 75B7B4E11FB9F4B70088B7EF /* Challenger.xcdatamodeld */; };
		75B7B4E81FB9F4B70088B7EF /* LaunchScreen.storyboard in Resources */ = {isa = PBXBuildFile; fileRef = 75B7B4E61FB9F4B70088B7EF /* LaunchScreen.storyboard */; };
		DB5AE6951FCC97A1008DC8F7 /* UploaderManager.swift in Sources */ = {isa = PBXBuildFile; fileRef = DB5AE6941FCC97A1008DC8F7 /* UploaderManager.swift */; };
		DB5B01431FC5E8E700BD5F1A /* Calendar.storyboard in Resources */ = {isa = PBXBuildFile; fileRef = DB5B01421FC5E8E700BD5F1A /* Calendar.storyboard */; };
		DB5B01451FC5EACE00BD5F1A /* CalendarController.swift in Sources */ = {isa = PBXBuildFile; fileRef = DB5B01441FC5EACE00BD5F1A /* CalendarController.swift */; };
		DB5B01481FC5EB1B00BD5F1A /* CustomCell.swift in Sources */ = {isa = PBXBuildFile; fileRef = DB5B01471FC5EB1B00BD5F1A /* CustomCell.swift */; };
		DBB78C451FC74205001D1B81 /* User.swift in Sources */ = {isa = PBXBuildFile; fileRef = DBB78C441FC74205001D1B81 /* User.swift */; };
		DBB78C471FC74282001D1B81 /* Groups.swift in Sources */ = {isa = PBXBuildFile; fileRef = DBB78C461FC74282001D1B81 /* Groups.swift */; };
		DBBC5DD91FC7286B00124B18 /* CalendarInvitesController.swift in Sources */ = {isa = PBXBuildFile; fileRef = DBBC5DD81FC7286B00124B18 /* CalendarInvitesController.swift */; };
		DBBC5DDB1FC7289B00124B18 /* CalendarRequestsController.swift in Sources */ = {isa = PBXBuildFile; fileRef = DBBC5DDA1FC7289B00124B18 /* CalendarRequestsController.swift */; };
		DBBC5DDE1FC7359F00124B18 /* Archive.swift in Sources */ = {isa = PBXBuildFile; fileRef = DBBC5DDD1FC7359F00124B18 /* Archive.swift */; };
		DBBC5DE01FC73F3D00124B18 /* CalendarSettings.storyboard in Resources */ = {isa = PBXBuildFile; fileRef = DBBC5DDF1FC73F3D00124B18 /* CalendarSettings.storyboard */; };
		DBE3D68A1FC609A500067652 /* CalendarSettingsController.swift in Sources */ = {isa = PBXBuildFile; fileRef = DBE3D6891FC609A500067652 /* CalendarSettingsController.swift */; };
/* End PBXBuildFile section */

/* Begin PBXFileReference section */
		314CBC288D1157F65E85B08C /* Pods_Challenger.framework */ = {isa = PBXFileReference; explicitFileType = wrapper.framework; includeInIndex = 0; path = Pods_Challenger.framework; sourceTree = BUILT_PRODUCTS_DIR; };
		50D75D6DA781FF239D486480 /* Pods-Challenger.debug.xcconfig */ = {isa = PBXFileReference; includeInIndex = 1; lastKnownFileType = text.xcconfig; name = "Pods-Challenger.debug.xcconfig"; path = "Pods/Target Support Files/Pods-Challenger/Pods-Challenger.debug.xcconfig"; sourceTree = "<group>"; };
		754874981FBA3E4700EE2613 /* SingUpViewController.swift */ = {isa = PBXFileReference; lastKnownFileType = sourcecode.swift; path = SingUpViewController.swift; sourceTree = "<group>"; };
		7548749A1FBB4DB300EE2613 /* Assets.xcassets */ = {isa = PBXFileReference; lastKnownFileType = folder.assetcatalog; path = Assets.xcassets; sourceTree = "<group>"; };
		75B02A7A1FBB6255008DB651 /* GoogleService-Info.plist */ = {isa = PBXFileReference; lastKnownFileType = text.plist.xml; path = "GoogleService-Info.plist"; sourceTree = "<group>"; };
		75B7B4D71FB9F4B70088B7EF /* Challenger.app */ = {isa = PBXFileReference; explicitFileType = wrapper.application; includeInIndex = 0; path = Challenger.app; sourceTree = BUILT_PRODUCTS_DIR; };
		75B7B4DA1FB9F4B70088B7EF /* AppDelegate.swift */ = {isa = PBXFileReference; lastKnownFileType = sourcecode.swift; path = AppDelegate.swift; sourceTree = "<group>"; };
		75B7B4DC1FB9F4B70088B7EF /* ViewController.swift */ = {isa = PBXFileReference; lastKnownFileType = sourcecode.swift; path = ViewController.swift; sourceTree = "<group>"; };
		75B7B4DF1FB9F4B70088B7EF /* Base */ = {isa = PBXFileReference; lastKnownFileType = file.storyboard; name = Base; path = Base.lproj/Cadastro.storyboard; sourceTree = "<group>"; };
		75B7B4E21FB9F4B70088B7EF /* Challenger.xcdatamodel */ = {isa = PBXFileReference; lastKnownFileType = wrapper.xcdatamodel; path = Challenger.xcdatamodel; sourceTree = "<group>"; };
		75B7B4E71FB9F4B70088B7EF /* Base */ = {isa = PBXFileReference; lastKnownFileType = file.storyboard; name = Base; path = Base.lproj/LaunchScreen.storyboard; sourceTree = "<group>"; };
		75B7B4E91FB9F4B70088B7EF /* Info.plist */ = {isa = PBXFileReference; lastKnownFileType = text.plist.xml; path = Info.plist; sourceTree = "<group>"; };
		DB5AE6941FCC97A1008DC8F7 /* UploaderManager.swift */ = {isa = PBXFileReference; lastKnownFileType = sourcecode.swift; path = UploaderManager.swift; sourceTree = "<group>"; };
		DB5B01421FC5E8E700BD5F1A /* Calendar.storyboard */ = {isa = PBXFileReference; lastKnownFileType = file.storyboard; path = Calendar.storyboard; sourceTree = "<group>"; };
		DB5B01441FC5EACE00BD5F1A /* CalendarController.swift */ = {isa = PBXFileReference; lastKnownFileType = sourcecode.swift; path = CalendarController.swift; sourceTree = "<group>"; };
		DB5B01471FC5EB1B00BD5F1A /* CustomCell.swift */ = {isa = PBXFileReference; lastKnownFileType = sourcecode.swift; path = CustomCell.swift; sourceTree = "<group>"; };
		DBB78C441FC74205001D1B81 /* User.swift */ = {isa = PBXFileReference; lastKnownFileType = sourcecode.swift; path = User.swift; sourceTree = "<group>"; };
		DBB78C461FC74282001D1B81 /* Groups.swift */ = {isa = PBXFileReference; lastKnownFileType = sourcecode.swift; path = Groups.swift; sourceTree = "<group>"; };
		DBBC5DD81FC7286B00124B18 /* CalendarInvitesController.swift */ = {isa = PBXFileReference; lastKnownFileType = sourcecode.swift; path = CalendarInvitesController.swift; sourceTree = "<group>"; };
		DBBC5DDA1FC7289B00124B18 /* CalendarRequestsController.swift */ = {isa = PBXFileReference; lastKnownFileType = sourcecode.swift; path = CalendarRequestsController.swift; sourceTree = "<group>"; };
		DBBC5DDD1FC7359F00124B18 /* Archive.swift */ = {isa = PBXFileReference; lastKnownFileType = sourcecode.swift; path = Archive.swift; sourceTree = "<group>"; };
		DBBC5DDF1FC73F3D00124B18 /* CalendarSettings.storyboard */ = {isa = PBXFileReference; lastKnownFileType = file.storyboard; path = CalendarSettings.storyboard; sourceTree = "<group>"; };
		DBE3D6891FC609A500067652 /* CalendarSettingsController.swift */ = {isa = PBXFileReference; lastKnownFileType = sourcecode.swift; path = CalendarSettingsController.swift; sourceTree = "<group>"; };
		F1354917724723FB0CE9EB1A /* Pods-Challenger.release.xcconfig */ = {isa = PBXFileReference; includeInIndex = 1; lastKnownFileType = text.xcconfig; name = "Pods-Challenger.release.xcconfig"; path = "Pods/Target Support Files/Pods-Challenger/Pods-Challenger.release.xcconfig"; sourceTree = "<group>"; };
/* End PBXFileReference section */

/* Begin PBXFrameworksBuildPhase section */
		75B7B4D41FB9F4B70088B7EF /* Frameworks */ = {
			isa = PBXFrameworksBuildPhase;
			buildActionMask = 2147483647;
			files = (
				29E5DDA17FCBF8B1634E1C2A /* Pods_Challenger.framework in Frameworks */,
			);
			runOnlyForDeploymentPostprocessing = 0;
		};
/* End PBXFrameworksBuildPhase section */

/* Begin PBXGroup section */
		16F13EA5ABE6C310ADC36CBB /* Frameworks */ = {
			isa = PBXGroup;
			children = (
				314CBC288D1157F65E85B08C /* Pods_Challenger.framework */,
			);
			name = Frameworks;
			sourceTree = "<group>";
		};
		26BD2B42096D30286195E5DE /* Pods */ = {
			isa = PBXGroup;
			children = (
				50D75D6DA781FF239D486480 /* Pods-Challenger.debug.xcconfig */,
				F1354917724723FB0CE9EB1A /* Pods-Challenger.release.xcconfig */,
			);
			name = Pods;
			sourceTree = "<group>";
		};
		754874971FBA3DFF00EE2613 /* Controllers */ = {
			isa = PBXGroup;
			children = (
				754874981FBA3E4700EE2613 /* SingUpViewController.swift */,
				DB5B01441FC5EACE00BD5F1A /* CalendarController.swift */,
				DBBC5DD81FC7286B00124B18 /* CalendarInvitesController.swift */,
				DBE3D6891FC609A500067652 /* CalendarSettingsController.swift */,
				DBBC5DDA1FC7289B00124B18 /* CalendarRequestsController.swift */,
			);
			path = Controllers;
			sourceTree = "<group>";
		};
		75B7B4CE1FB9F4B70088B7EF = {
			isa = PBXGroup;
			children = (
				75B7B4D91FB9F4B70088B7EF /* Challenger */,
				75B7B4D81FB9F4B70088B7EF /* Products */,
				26BD2B42096D30286195E5DE /* Pods */,
				16F13EA5ABE6C310ADC36CBB /* Frameworks */,
			);
			sourceTree = "<group>";
		};
		75B7B4D81FB9F4B70088B7EF /* Products */ = {
			isa = PBXGroup;
			children = (
				75B7B4D71FB9F4B70088B7EF /* Challenger.app */,
			);
			name = Products;
			sourceTree = "<group>";
		};
		75B7B4D91FB9F4B70088B7EF /* Challenger */ = {
			isa = PBXGroup;
			children = (
				75B7B4EF1FBA219E0088B7EF /* StoryBoards */,
				75B7B4DA1FB9F4B70088B7EF /* AppDelegate.swift */,
				DBBC5DDC1FC7353A00124B18 /* Objects */,
				754874971FBA3DFF00EE2613 /* Controllers */,
				75B7B4DC1FB9F4B70088B7EF /* ViewController.swift */,
				DB5B01461FC5EB0A00BD5F1A /* CellGroup */,
				75B7B4E61FB9F4B70088B7EF /* LaunchScreen.storyboard */,
				DB5AE6961FCC9815008DC8F7 /* Managers */,
				75B7B4E91FB9F4B70088B7EF /* Info.plist */,
				DB5AE6941FCC97A1008DC8F7 /* UploaderManager.swift */,
				75B7B4E11FB9F4B70088B7EF /* Challenger.xcdatamodeld */,
				75B02A7A1FBB6255008DB651 /* GoogleService-Info.plist */,
				7548749A1FBB4DB300EE2613 /* Assets.xcassets */,
			);
			path = Challenger;
			sourceTree = "<group>";
		};
		75B7B4EF1FBA219E0088B7EF /* StoryBoards */ = {
			isa = PBXGroup;
			children = (
				75B7B4DE1FB9F4B70088B7EF /* Cadastro.storyboard */,
				DB5B01421FC5E8E700BD5F1A /* Calendar.storyboard */,
				DBBC5DDF1FC73F3D00124B18 /* CalendarSettings.storyboard */,
			);
			path = StoryBoards;
			sourceTree = "<group>";
		};
		DB5AE6961FCC9815008DC8F7 /* Managers */ = {
			isa = PBXGroup;
			children = (
			);
			name = Managers;
			sourceTree = "<group>";
		};
		DB5B01461FC5EB0A00BD5F1A /* CellGroup */ = {
			isa = PBXGroup;
			children = (
				DB5B01471FC5EB1B00BD5F1A /* CustomCell.swift */,
			);
			path = CellGroup;
			sourceTree = "<group>";
		};
		DBBC5DDC1FC7353A00124B18 /* Objects */ = {
			isa = PBXGroup;
			children = (
				DBBC5DDD1FC7359F00124B18 /* Archive.swift */,
				DBB78C441FC74205001D1B81 /* User.swift */,
				DBB78C461FC74282001D1B81 /* Groups.swift */,
			);
			path = Objects;
			sourceTree = "<group>";
		};
/* End PBXGroup section */

/* Begin PBXNativeTarget section */
		75B7B4D61FB9F4B70088B7EF /* Challenger */ = {
			isa = PBXNativeTarget;
			buildConfigurationList = 75B7B4EC1FB9F4B70088B7EF /* Build configuration list for PBXNativeTarget "Challenger" */;
			buildPhases = (
				FDA10BE9E185CB0ECCF352A7 /* [CP] Check Pods Manifest.lock */,
				75B7B4D31FB9F4B70088B7EF /* Sources */,
				75B7B4D41FB9F4B70088B7EF /* Frameworks */,
				75B7B4D51FB9F4B70088B7EF /* Resources */,
				66D37B22F8070C0EA440C004 /* [CP] Embed Pods Frameworks */,
				2F9B93C3E02B7F46942C5363 /* [CP] Copy Pods Resources */,
			);
			buildRules = (
			);
			dependencies = (
			);
			name = Challenger;
			productName = Challenger;
			productReference = 75B7B4D71FB9F4B70088B7EF /* Challenger.app */;
			productType = "com.apple.product-type.application";
		};
/* End PBXNativeTarget section */

/* Begin PBXProject section */
		75B7B4CF1FB9F4B70088B7EF /* Project object */ = {
			isa = PBXProject;
			attributes = {
				LastSwiftUpdateCheck = 0900;
				LastUpgradeCheck = 0900;
				ORGANIZATIONNAME = "Vinicius Mangueira Correia";
				TargetAttributes = {
					75B7B4D61FB9F4B70088B7EF = {
						CreatedOnToolsVersion = 9.0;
						ProvisioningStyle = Automatic;
					};
				};
			};
			buildConfigurationList = 75B7B4D21FB9F4B70088B7EF /* Build configuration list for PBXProject "Challenger" */;
			compatibilityVersion = "Xcode 8.0";
			developmentRegion = en;
			hasScannedForEncodings = 0;
			knownRegions = (
				en,
				Base,
			);
			mainGroup = 75B7B4CE1FB9F4B70088B7EF;
			productRefGroup = 75B7B4D81FB9F4B70088B7EF /* Products */;
			projectDirPath = "";
			projectRoot = "";
			targets = (
				75B7B4D61FB9F4B70088B7EF /* Challenger */,
			);
		};
/* End PBXProject section */

/* Begin PBXResourcesBuildPhase section */
		75B7B4D51FB9F4B70088B7EF /* Resources */ = {
			isa = PBXResourcesBuildPhase;
			buildActionMask = 2147483647;
			files = (
				75B7B4E81FB9F4B70088B7EF /* LaunchScreen.storyboard in Resources */,
				DBBC5DE01FC73F3D00124B18 /* CalendarSettings.storyboard in Resources */,
				75B02A7B1FBB7AE8008DB651 /* GoogleService-Info.plist in Resources */,
				75B7B4E01FB9F4B70088B7EF /* Cadastro.storyboard in Resources */,
				DB5B01431FC5E8E700BD5F1A /* Calendar.storyboard in Resources */,
				7548749B1FBB4DB300EE2613 /* Assets.xcassets in Resources */,
			);
			runOnlyForDeploymentPostprocessing = 0;
		};
/* End PBXResourcesBuildPhase section */

/* Begin PBXShellScriptBuildPhase section */
		2F9B93C3E02B7F46942C5363 /* [CP] Copy Pods Resources */ = {
			isa = PBXShellScriptBuildPhase;
			buildActionMask = 2147483647;
			files = (
			);
			inputPaths = (
				"${SRCROOT}/Pods/Target Support Files/Pods-Challenger/Pods-Challenger-resources.sh",
				"${PODS_ROOT}/GoogleSignIn/Resources/GoogleSignIn.bundle",
			);
			name = "[CP] Copy Pods Resources";
			outputPaths = (
				"${TARGET_BUILD_DIR}/${UNLOCALIZED_RESOURCES_FOLDER_PATH}",
			);
			runOnlyForDeploymentPostprocessing = 0;
			shellPath = /bin/sh;
			shellScript = "\"${SRCROOT}/Pods/Target Support Files/Pods-Challenger/Pods-Challenger-resources.sh\"\n";
			showEnvVarsInLog = 0;
		};
		66D37B22F8070C0EA440C004 /* [CP] Embed Pods Frameworks */ = {
			isa = PBXShellScriptBuildPhase;
			buildActionMask = 2147483647;
			files = (
			);
			inputPaths = (
				"${SRCROOT}/Pods/Target Support Files/Pods-Challenger/Pods-Challenger-frameworks.sh",
				"${BUILT_PRODUCTS_DIR}/GTMOAuth2/GTMOAuth2.framework",
				"${BUILT_PRODUCTS_DIR}/GTMSessionFetcher/GTMSessionFetcher.framework",
				"${BUILT_PRODUCTS_DIR}/GoogleToolboxForMac/GoogleToolboxForMac.framework",
				"${BUILT_PRODUCTS_DIR}/JTAppleCalendar/JTAppleCalendar.framework",
				"${BUILT_PRODUCTS_DIR}/SDWebImage/SDWebImage.framework",
				"${BUILT_PRODUCTS_DIR}/leveldb-library/leveldb.framework",
				"${BUILT_PRODUCTS_DIR}/nanopb/nanopb.framework",
			);
			name = "[CP] Embed Pods Frameworks";
			outputPaths = (
				"${TARGET_BUILD_DIR}/${FRAMEWORKS_FOLDER_PATH}/GTMOAuth2.framework",
				"${TARGET_BUILD_DIR}/${FRAMEWORKS_FOLDER_PATH}/GTMSessionFetcher.framework",
				"${TARGET_BUILD_DIR}/${FRAMEWORKS_FOLDER_PATH}/GoogleToolboxForMac.framework",
				"${TARGET_BUILD_DIR}/${FRAMEWORKS_FOLDER_PATH}/JTAppleCalendar.framework",
				"${TARGET_BUILD_DIR}/${FRAMEWORKS_FOLDER_PATH}/SDWebImage.framework",
				"${TARGET_BUILD_DIR}/${FRAMEWORKS_FOLDER_PATH}/leveldb.framework",
				"${TARGET_BUILD_DIR}/${FRAMEWORKS_FOLDER_PATH}/nanopb.framework",
			);
			runOnlyForDeploymentPostprocessing = 0;
			shellPath = /bin/sh;
			shellScript = "\"${SRCROOT}/Pods/Target Support Files/Pods-Challenger/Pods-Challenger-frameworks.sh\"\n";
			showEnvVarsInLog = 0;
		};
		FDA10BE9E185CB0ECCF352A7 /* [CP] Check Pods Manifest.lock */ = {
			isa = PBXShellScriptBuildPhase;
			buildActionMask = 2147483647;
			files = (
			);
			inputPaths = (
				"${PODS_PODFILE_DIR_PATH}/Podfile.lock",
				"${PODS_ROOT}/Manifest.lock",
			);
			name = "[CP] Check Pods Manifest.lock";
			outputPaths = (
				"$(DERIVED_FILE_DIR)/Pods-Challenger-checkManifestLockResult.txt",
			);
			runOnlyForDeploymentPostprocessing = 0;
			shellPath = /bin/sh;
			shellScript = "diff \"${PODS_PODFILE_DIR_PATH}/Podfile.lock\" \"${PODS_ROOT}/Manifest.lock\" > /dev/null\nif [ $? != 0 ] ; then\n    # print error to STDERR\n    echo \"error: The sandbox is not in sync with the Podfile.lock. Run 'pod install' or update your CocoaPods installation.\" >&2\n    exit 1\nfi\n# This output is used by Xcode 'outputs' to avoid re-running this script phase.\necho \"SUCCESS\" > \"${SCRIPT_OUTPUT_FILE_0}\"\n";
			showEnvVarsInLog = 0;
		};
/* End PBXShellScriptBuildPhase section */

/* Begin PBXSourcesBuildPhase section */
		75B7B4D31FB9F4B70088B7EF /* Sources */ = {
			isa = PBXSourcesBuildPhase;
			buildActionMask = 2147483647;
			files = (
				75B7B4DD1FB9F4B70088B7EF /* ViewController.swift in Sources */,
				DBBC5DDE1FC7359F00124B18 /* Archive.swift in Sources */,
				DBE3D68A1FC609A500067652 /* CalendarSettingsController.swift in Sources */,
				DBBC5DDB1FC7289B00124B18 /* CalendarRequestsController.swift in Sources */,
				DBBC5DD91FC7286B00124B18 /* CalendarInvitesController.swift in Sources */,
				75B7B4DB1FB9F4B70088B7EF /* AppDelegate.swift in Sources */,
				DB5B01451FC5EACE00BD5F1A /* CalendarController.swift in Sources */,
				754874991FBA3E4700EE2613 /* SingUpViewController.swift in Sources */,
				DB5AE6951FCC97A1008DC8F7 /* UploaderManager.swift in Sources */,
				DB5B01481FC5EB1B00BD5F1A /* CustomCell.swift in Sources */,
				75B7B4E31FB9F4B70088B7EF /* Challenger.xcdatamodeld in Sources */,
				DBB78C451FC74205001D1B81 /* User.swift in Sources */,
				DBB78C471FC74282001D1B81 /* Groups.swift in Sources */,
			);
			runOnlyForDeploymentPostprocessing = 0;
		};
/* End PBXSourcesBuildPhase section */

/* Begin PBXVariantGroup section */
		75B7B4DE1FB9F4B70088B7EF /* Cadastro.storyboard */ = {
			isa = PBXVariantGroup;
			children = (
				75B7B4DF1FB9F4B70088B7EF /* Base */,
			);
			name = Cadastro.storyboard;
			sourceTree = "<group>";
		};
		75B7B4E61FB9F4B70088B7EF /* LaunchScreen.storyboard */ = {
			isa = PBXVariantGroup;
			children = (
				75B7B4E71FB9F4B70088B7EF /* Base */,
			);
			name = LaunchScreen.storyboard;
			sourceTree = "<group>";
		};
/* End PBXVariantGroup section */

/* Begin XCBuildConfiguration section */
		75B7B4EA1FB9F4B70088B7EF /* Debug */ = {
			isa = XCBuildConfiguration;
			buildSettings = {
				ALWAYS_SEARCH_USER_PATHS = NO;
				CLANG_ANALYZER_NONNULL = YES;
				CLANG_ANALYZER_NUMBER_OBJECT_CONVERSION = YES_AGGRESSIVE;
				CLANG_CXX_LANGUAGE_STANDARD = "gnu++14";
				CLANG_CXX_LIBRARY = "libc++";
				CLANG_ENABLE_MODULES = YES;
				CLANG_ENABLE_OBJC_ARC = YES;
				CLANG_WARN_BLOCK_CAPTURE_AUTORELEASING = YES;
				CLANG_WARN_BOOL_CONVERSION = YES;
				CLANG_WARN_COMMA = YES;
				CLANG_WARN_CONSTANT_CONVERSION = YES;
				CLANG_WARN_DIRECT_OBJC_ISA_USAGE = YES_ERROR;
				CLANG_WARN_DOCUMENTATION_COMMENTS = YES;
				CLANG_WARN_EMPTY_BODY = YES;
				CLANG_WARN_ENUM_CONVERSION = YES;
				CLANG_WARN_INFINITE_RECURSION = YES;
				CLANG_WARN_INT_CONVERSION = YES;
				CLANG_WARN_NON_LITERAL_NULL_CONVERSION = YES;
				CLANG_WARN_OBJC_LITERAL_CONVERSION = YES;
				CLANG_WARN_OBJC_ROOT_CLASS = YES_ERROR;
				CLANG_WARN_RANGE_LOOP_ANALYSIS = YES;
				CLANG_WARN_STRICT_PROTOTYPES = YES;
				CLANG_WARN_SUSPICIOUS_MOVE = YES;
				CLANG_WARN_UNGUARDED_AVAILABILITY = YES_AGGRESSIVE;
				CLANG_WARN_UNREACHABLE_CODE = YES;
				CLANG_WARN__DUPLICATE_METHOD_MATCH = YES;
				CODE_SIGN_IDENTITY = "iPhone Developer";
				COPY_PHASE_STRIP = NO;
				DEBUG_INFORMATION_FORMAT = dwarf;
				ENABLE_STRICT_OBJC_MSGSEND = YES;
				ENABLE_TESTABILITY = YES;
				GCC_C_LANGUAGE_STANDARD = gnu11;
				GCC_DYNAMIC_NO_PIC = NO;
				GCC_NO_COMMON_BLOCKS = YES;
				GCC_OPTIMIZATION_LEVEL = 0;
				GCC_PREPROCESSOR_DEFINITIONS = (
					"DEBUG=1",
					"$(inherited)",
				);
				GCC_WARN_64_TO_32_BIT_CONVERSION = YES;
				GCC_WARN_ABOUT_RETURN_TYPE = YES_ERROR;
				GCC_WARN_UNDECLARED_SELECTOR = YES;
				GCC_WARN_UNINITIALIZED_AUTOS = YES_AGGRESSIVE;
				GCC_WARN_UNUSED_FUNCTION = YES;
				GCC_WARN_UNUSED_VARIABLE = YES;
				IPHONEOS_DEPLOYMENT_TARGET = 11.0;
				MTL_ENABLE_DEBUG_INFO = YES;
				ONLY_ACTIVE_ARCH = YES;
				SDKROOT = iphoneos;
				SWIFT_ACTIVE_COMPILATION_CONDITIONS = DEBUG;
				SWIFT_OPTIMIZATION_LEVEL = "-Onone";
			};
			name = Debug;
		};
		75B7B4EB1FB9F4B70088B7EF /* Release */ = {
			isa = XCBuildConfiguration;
			buildSettings = {
				ALWAYS_SEARCH_USER_PATHS = NO;
				CLANG_ANALYZER_NONNULL = YES;
				CLANG_ANALYZER_NUMBER_OBJECT_CONVERSION = YES_AGGRESSIVE;
				CLANG_CXX_LANGUAGE_STANDARD = "gnu++14";
				CLANG_CXX_LIBRARY = "libc++";
				CLANG_ENABLE_MODULES = YES;
				CLANG_ENABLE_OBJC_ARC = YES;
				CLANG_WARN_BLOCK_CAPTURE_AUTORELEASING = YES;
				CLANG_WARN_BOOL_CONVERSION = YES;
				CLANG_WARN_COMMA = YES;
				CLANG_WARN_CONSTANT_CONVERSION = YES;
				CLANG_WARN_DIRECT_OBJC_ISA_USAGE = YES_ERROR;
				CLANG_WARN_DOCUMENTATION_COMMENTS = YES;
				CLANG_WARN_EMPTY_BODY = YES;
				CLANG_WARN_ENUM_CONVERSION = YES;
				CLANG_WARN_INFINITE_RECURSION = YES;
				CLANG_WARN_INT_CONVERSION = YES;
				CLANG_WARN_NON_LITERAL_NULL_CONVERSION = YES;
				CLANG_WARN_OBJC_LITERAL_CONVERSION = YES;
				CLANG_WARN_OBJC_ROOT_CLASS = YES_ERROR;
				CLANG_WARN_RANGE_LOOP_ANALYSIS = YES;
				CLANG_WARN_STRICT_PROTOTYPES = YES;
				CLANG_WARN_SUSPICIOUS_MOVE = YES;
				CLANG_WARN_UNGUARDED_AVAILABILITY = YES_AGGRESSIVE;
				CLANG_WARN_UNREACHABLE_CODE = YES;
				CLANG_WARN__DUPLICATE_METHOD_MATCH = YES;
				CODE_SIGN_IDENTITY = "iPhone Developer";
				COPY_PHASE_STRIP = NO;
				DEBUG_INFORMATION_FORMAT = "dwarf-with-dsym";
				ENABLE_NS_ASSERTIONS = NO;
				ENABLE_STRICT_OBJC_MSGSEND = YES;
				GCC_C_LANGUAGE_STANDARD = gnu11;
				GCC_NO_COMMON_BLOCKS = YES;
				GCC_WARN_64_TO_32_BIT_CONVERSION = YES;
				GCC_WARN_ABOUT_RETURN_TYPE = YES_ERROR;
				GCC_WARN_UNDECLARED_SELECTOR = YES;
				GCC_WARN_UNINITIALIZED_AUTOS = YES_AGGRESSIVE;
				GCC_WARN_UNUSED_FUNCTION = YES;
				GCC_WARN_UNUSED_VARIABLE = YES;
				IPHONEOS_DEPLOYMENT_TARGET = 11.0;
				MTL_ENABLE_DEBUG_INFO = NO;
				SDKROOT = iphoneos;
				SWIFT_OPTIMIZATION_LEVEL = "-Owholemodule";
				VALIDATE_PRODUCT = YES;
			};
			name = Release;
		};
		75B7B4ED1FB9F4B70088B7EF /* Debug */ = {
			isa = XCBuildConfiguration;
			baseConfigurationReference = 50D75D6DA781FF239D486480 /* Pods-Challenger.debug.xcconfig */;
			buildSettings = {
				ASSETCATALOG_COMPILER_APPICON_NAME = AppIcon;
				CODE_SIGN_STYLE = Automatic;
				DEVELOPMENT_TEAM = LET27P49US;
				INFOPLIST_FILE = Challenger/Info.plist;
				LD_RUNPATH_SEARCH_PATHS = "$(inherited) @executable_path/Frameworks";
				PRODUCT_BUNDLE_IDENTIFIER = br.bepid.challenge;
				PRODUCT_NAME = "$(TARGET_NAME)";
				SWIFT_VERSION = 4.0;
				TARGETED_DEVICE_FAMILY = "1,2";
			};
			name = Debug;
		};
		75B7B4EE1FB9F4B70088B7EF /* Release */ = {
			isa = XCBuildConfiguration;
			baseConfigurationReference = F1354917724723FB0CE9EB1A /* Pods-Challenger.release.xcconfig */;
			buildSettings = {
				ASSETCATALOG_COMPILER_APPICON_NAME = AppIcon;
				CODE_SIGN_STYLE = Automatic;
				DEVELOPMENT_TEAM = LET27P49US;
				INFOPLIST_FILE = Challenger/Info.plist;
				LD_RUNPATH_SEARCH_PATHS = "$(inherited) @executable_path/Frameworks";
				PRODUCT_BUNDLE_IDENTIFIER = br.bepid.challenge;
				PRODUCT_NAME = "$(TARGET_NAME)";
				SWIFT_VERSION = 4.0;
				TARGETED_DEVICE_FAMILY = "1,2";
			};
			name = Release;
		};
/* End XCBuildConfiguration section */

/* Begin XCConfigurationList section */
		75B7B4D21FB9F4B70088B7EF /* Build configuration list for PBXProject "Challenger" */ = {
			isa = XCConfigurationList;
			buildConfigurations = (
				75B7B4EA1FB9F4B70088B7EF /* Debug */,
				75B7B4EB1FB9F4B70088B7EF /* Release */,
			);
			defaultConfigurationIsVisible = 0;
			defaultConfigurationName = Release;
		};
		75B7B4EC1FB9F4B70088B7EF /* Build configuration list for PBXNativeTarget "Challenger" */ = {
			isa = XCConfigurationList;
			buildConfigurations = (
				75B7B4ED1FB9F4B70088B7EF /* Debug */,
				75B7B4EE1FB9F4B70088B7EF /* Release */,
			);
			defaultConfigurationIsVisible = 0;
			defaultConfigurationName = Release;
		};
/* End XCConfigurationList section */

/* Begin XCVersionGroup section */
		75B7B4E11FB9F4B70088B7EF /* Challenger.xcdatamodeld */ = {
			isa = XCVersionGroup;
			children = (
				75B7B4E21FB9F4B70088B7EF /* Challenger.xcdatamodel */,
			);
			currentVersion = 75B7B4E21FB9F4B70088B7EF /* Challenger.xcdatamodel */;
			path = Challenger.xcdatamodeld;
			sourceTree = "<group>";
			versionGroupType = wrapper.xcdatamodel;
		};
/* End XCVersionGroup section */
	};
	rootObject = 75B7B4CF1FB9F4B70088B7EF /* Project object */;
}
